<?xml version="1.0" encoding="utf-8"?>
<Project ToolsVersion="4.0" xmlns="http://schemas.microsoft.com/developer/msbuild/2003">
  <ItemGroup>
    <Filter Include="Includes">
      <UniqueIdentifier>{6ae82450-9018-4e0b-a66a-8e94f0611078}</UniqueIdentifier>
    </Filter>
    <Filter Include="Source">
      <UniqueIdentifier>{3d56cbf4-622c-4076-bfc1-0c3def01e64a}</UniqueIdentifier>
    </Filter>
  </ItemGroup>
  <ItemGroup>
    <ClInclude Include="..\..\src-IL\include\il_alloc.h">
      <Filter>Includes</Filter>
    </ClInclude>
    <ClInclude Include="..\..\src-IL\include\il_bits.h">
      <Filter>Includes</Filter>
    </ClInclude>
    <ClInclude Include="..\..\src-IL\include\il_bmp.h">
      <Filter>Includes</Filter>
    </ClInclude>
    <ClInclude Include="..\..\src-IL\include\il_dds.h">
      <Filter>Includes</Filter>
    </ClInclude>
    <ClInclude Include="..\..\src-IL\include\il_doompal.h">
      <Filter>Includes</Filter>
    </ClInclude>
    <ClInclude Include="..\..\src-IL\include\il_dpx.h">
      <Filter>Includes</Filter>
    </ClInclude>
    <ClInclude Include="..\..\src-IL\include\il_endian.h">
      <Filter>Includes</Filter>
    </ClInclude>
    <ClInclude Include="..\..\src-IL\include\il_exr.h">
      <Filter>Includes</Filter>
    </ClInclude>
    <ClInclude Include="..\..\src-IL\include\il_files.h">
      <Filter>Includes</Filter>
    </ClInclude>
    <ClInclude Include="..\..\src-IL\include\il_gif.h">
      <Filter>Includes</Filter>
    </ClInclude>
    <ClInclude Include="..\..\src-IL\include\il_hdr.h">
      <Filter>Includes</Filter>
    </ClInclude>
    <ClInclude Include="..\..\src-IL\include\il_icns.h">
      <Filter>Includes</Filter>
    </ClInclude>
    <ClInclude Include="..\..\src-IL\include\il_icon.h">
      <Filter>Includes</Filter>
    </ClInclude>
    <ClInclude Include="..\..\src-IL\include\il_internal.h">
      <Filter>Includes</Filter>
    </ClInclude>
    <ClInclude Include="..\..\src-IL\include\il_jpeg.h">
      <Filter>Includes</Filter>
    </ClInclude>
    <ClInclude Include="..\..\src-IL\include\il_manip.h">
      <Filter>Includes</Filter>
    </ClInclude>
    <ClInclude Include="..\..\src-IL\include\il_mdl.h">
      <Filter>Includes</Filter>
    </ClInclude>
    <ClInclude Include="..\..\src-IL\include\il_pal.h">
      <Filter>Includes</Filter>
    </ClInclude>
    <ClInclude Include="..\..\src-IL\include\il_pcx.h">
      <Filter>Includes</Filter>
    </ClInclude>
    <ClInclude Include="..\..\src-IL\include\il_pic.h">
      <Filter>Includes</Filter>
    </ClInclude>
    <ClInclude Include="..\..\src-IL\include\il_pnm.h">
      <Filter>Includes</Filter>
    </ClInclude>
    <ClInclude Include="..\..\src-IL\include\il_psd.h">
      <Filter>Includes</Filter>
    </ClInclude>
    <ClInclude Include="..\..\src-IL\include\il_psp.h">
      <Filter>Includes</Filter>
    </ClInclude>
    <ClInclude Include="..\..\src-IL\include\il_q2pal.h">
      <Filter>Includes</Filter>
    </ClInclude>
    <ClInclude Include="..\..\src-IL\include\il_register.h">
      <Filter>Includes</Filter>
    </ClInclude>
    <ClInclude Include="..\..\src-IL\include\il_rle.h">
      <Filter>Includes</Filter>
    </ClInclude>
    <ClInclude Include="..\..\src-IL\include\il_sgi.h">
      <Filter>Includes</Filter>
    </ClInclude>
    <ClInclude Include="..\..\src-IL\include\il_stack.h">
      <Filter>Includes</Filter>
    </ClInclude>
    <ClInclude Include="..\..\src-IL\include\il_states.h">
      <Filter>Includes</Filter>
    </ClInclude>
    <ClInclude Include="..\..\src-IL\include\il_targa.h">
      <Filter>Includes</Filter>
    </ClInclude>
    <ClInclude Include="..\..\src-IL\include\il_utx.h">
      <Filter>Includes</Filter>
    </ClInclude>
    <ClInclude Include="..\..\src-IL\include\il_vtf.h">
      <Filter>Includes</Filter>
    </ClInclude>
    <ClInclude Include="..\..\src-IL\include\il_wdp.h">
      <Filter>Includes</Filter>
    </ClInclude>
    <ClInclude Include="..\..\include\IL\devil_internal_exports.h">
      <Filter>Source</Filter>
    </ClInclude>
    <ClInclude Include="..\..\include\IL\il.h">
      <Filter>Includes</Filter>
    </ClInclude>
    <ClInclude Include="..\..\include\IL\il2.h">
      <Filter>Includes</Filter>
    </ClInclude>
  </ItemGroup>
  <ItemGroup>
    <ClCompile Include="..\..\src-IL\src\il_nvidia.cpp">
      <Filter>Source</Filter>
    </ClCompile>
    <ClCompile Include="..\..\src-IL\src\il_squish.cpp">
      <Filter>Source</Filter>
    </ClCompile>
    <ClCompile Include="..\..\src-IL\src\il_utx.cpp">
      <Filter>Source</Filter>
    </ClCompile>
    <ClCompile Include="..\..\src-IL\src\il_exr.cpp">
      <Filter>Source</Filter>
    </ClCompile>
    <ClCompile Include="..\..\src-IL\src\il_gif.cpp">
      <Filter>Source</Filter>
    </ClCompile>
    <ClCompile Include="..\..\src-IL\src\il_files.cpp">
      <Filter>Source</Filter>
    </ClCompile>
    <ClCompile Include="..\..\src-IL\src\il_size.cpp">
      <Filter>Source</Filter>
    </ClCompile>
    <ClCompile Include="..\..\src-IL\src\il_targa.cpp">
      <Filter>Source</Filter>
    </ClCompile>
    <ClCompile Include="..\..\src-IL\src\il_jpeg.cpp">
      <Filter>Source</Filter>
    </ClCompile>
    <ClCompile Include="..\..\src-IL\src\il_mp3.cpp">
      <Filter>Source</Filter>
    </ClCompile>
    <ClCompile Include="..\..\src-IL\src\il_png.cpp">
      <Filter>Source</Filter>
    </ClCompile>
    <ClCompile Include="..\..\src-IL\src\il_bmp.cpp">
      <Filter>Source</Filter>
    </ClCompile>
    <ClCompile Include="..\..\src-IL\src\il_endian.cpp">
      <Filter>Source</Filter>
    </ClCompile>
    <ClCompile Include="..\..\src-IL\src\il_vtf.cpp">
      <Filter>Source</Filter>
    </ClCompile>
    <ClCompile Include="..\..\src-IL\src\il_devil.cpp">
      <Filter>Source</Filter>
    </ClCompile>
    <ClCompile Include="..\..\src-IL\src\il_convert.cpp">
      <Filter>Source</Filter>
    </ClCompile>
    <ClCompile Include="..\..\src-IL\src\il_convbuff.cpp">
      <Filter>Source</Filter>
    </ClCompile>
    <ClCompile Include="..\..\src-IL\src\il_neuquant.cpp">
      <Filter>Source</Filter>
    </ClCompile>
    <ClCompile Include="..\..\src-IL\src\il_wbmp.cpp">
      <Filter>Source</Filter>
    </ClCompile>
    <ClCompile Include="..\..\src-IL\src\il_manip.cpp">
      <Filter>Source</Filter>
    </ClCompile>
    <ClCompile Include="..\..\src-IL\src\il_bits.cpp">
      <Filter>Source</Filter>
    </ClCompile>
    <ClCompile Include="..\..\src-IL\src\il_sun.cpp">
      <Filter>Source</Filter>
    </ClCompile>
    <ClCompile Include="..\..\src-IL\src\il_quantizer.cpp">
      <Filter>Source</Filter>
    </ClCompile>
    <ClCompile Include="..\..\src-IL\src\il_icon.cpp">
      <Filter>Source</Filter>
    </ClCompile>
    <ClCompile Include="..\..\src-IL\src\il_tiff.cpp">
      <Filter>Source</Filter>
    </ClCompile>
    <ClCompile Include="..\..\src-IL\src\il_stack.cpp">
      <Filter>Source</Filter>
    </ClCompile>
    <ClCompile Include="..\..\src-IL\src\il_states.cpp">
      <Filter>Source</Filter>
    </ClCompile>
    <ClCompile Include="..\..\src-IL\src\il_cut.cpp">
      <Filter>Source</Filter>
    </ClCompile>
    <ClCompile Include="..\..\src-IL\src\il_dcx.cpp">
      <Filter>Source</Filter>
    </ClCompile>
    <ClCompile Include="..\..\src-IL\src\il_dds-save.cpp">
      <Filter>Source</Filter>
    </ClCompile>
    <ClCompile Include="..\..\src-IL\src\il_dds.cpp">
      <Filter>Source</Filter>
    </ClCompile>
    <ClCompile Include="..\..\src-IL\src\il_dicom.cpp">
      <Filter>Source</Filter>
    </ClCompile>
    <ClCompile Include="..\..\src-IL\src\il_doom.cpp">
      <Filter>Source</Filter>
    </ClCompile>
    <ClCompile Include="..\..\src-IL\src\il_dpx.cpp">
      <Filter>Source</Filter>
    </ClCompile>
    <ClCompile Include="..\..\src-IL\src\il_blp.cpp">
      <Filter>Source</Filter>
    </ClCompile>
    <ClCompile Include="..\..\src-IL\src\il_error.cpp">
      <Filter>Source</Filter>
    </ClCompile>
    <ClCompile Include="..\..\src-IL\src\il_fastconv.cpp">
      <Filter>Source</Filter>
    </ClCompile>
    <ClCompile Include="..\..\src-IL\src\il_fits.cpp">
      <Filter>Source</Filter>
    </ClCompile>
    <ClCompile Include="..\..\src-IL\src\il_ftx.cpp">
      <Filter>Source</Filter>
    </ClCompile>
    <ClCompile Include="..\..\src-IL\src\il_hdr.cpp">
      <Filter>Source</Filter>
    </ClCompile>
    <ClCompile Include="..\..\src-IL\src\il_header.cpp">
      <Filter>Source</Filter>
    </ClCompile>
    <ClCompile Include="..\..\src-IL\src\il_icns.cpp">
      <Filter>Source</Filter>
    </ClCompile>
    <ClCompile Include="..\..\src-IL\src\il_iff.cpp">
      <Filter>Source</Filter>
    </ClCompile>
    <ClCompile Include="..\..\src-IL\src\il_ilbm.cpp">
      <Filter>Source</Filter>
    </ClCompile>
    <ClCompile Include="..\..\src-IL\src\il_internal.cpp">
      <Filter>Source</Filter>
    </ClCompile>
    <ClCompile Include="..\..\src-IL\src\il_io.cpp">
      <Filter>Source</Filter>
    </ClCompile>
    <ClCompile Include="..\..\src-IL\src\il_iwi.cpp">
      <Filter>Source</Filter>
    </ClCompile>
    <ClCompile Include="..\..\src-IL\src\il_jp2.cpp">
      <Filter>Source</Filter>
    </ClCompile>
    <ClCompile Include="..\..\src-IL\src\il_register.cpp">
      <Filter>Source</Filter>
    </ClCompile>
    <ClCompile Include="..\..\src-IL\src\il_lif.cpp">
      <Filter>Source</Filter>
    </ClCompile>
    <ClCompile Include="..\..\src-IL\src\il_main.cpp">
      <Filter>Source</Filter>
    </ClCompile>
    <ClCompile Include="..\..\src-IL\src\il_mdl.cpp">
      <Filter>Source</Filter>
    </ClCompile>
    <ClCompile Include="..\..\src-IL\src\il_mng.cpp">
      <Filter>Source</Filter>
    </ClCompile>
    <ClCompile Include="..\..\src-IL\src\il_pcd.cpp">
      <Filter>Source</Filter>
    </ClCompile>
    <ClCompile Include="..\..\src-IL\src\il_pcx.cpp">
      <Filter>Source</Filter>
    </ClCompile>
    <ClCompile Include="..\..\src-IL\src\il_pic.cpp">
      <Filter>Source</Filter>
    </ClCompile>
    <ClCompile Include="..\..\src-IL\src\il_pix.cpp">
      <Filter>Source</Filter>
    </ClCompile>
    <ClCompile Include="..\..\src-IL\src\il_pnm.cpp">
      <Filter>Source</Filter>
    </ClCompile>
    <ClCompile Include="..\..\src-IL\src\il_profiles.cpp">
      <Filter>Source</Filter>
    </ClCompile>
    <ClCompile Include="..\..\src-IL\src\il_psd.cpp">
      <Filter>Source</Filter>
    </ClCompile>
    <ClCompile Include="..\..\src-IL\src\il_psp.cpp">
      <Filter>Source</Filter>
    </ClCompile>
    <ClCompile Include="..\..\src-IL\src\il_pxr.cpp">
      <Filter>Source</Filter>
    </ClCompile>
    <ClCompile Include="..\..\src-IL\src\il_raw.cpp">
      <Filter>Source</Filter>
    </ClCompile>
    <ClCompile Include="..\..\src-IL\src\il_rawdata.cpp">
      <Filter>Source</Filter>
    </ClCompile>
    <ClCompile Include="..\..\src-IL\src\il_rle.cpp">
      <Filter>Source</Filter>
    </ClCompile>
    <ClCompile Include="..\..\src-IL\src\il_rot.cpp">
      <Filter>Source</Filter>
    </ClCompile>
    <ClCompile Include="..\..\src-IL\src\il_sgi.cpp">
      <Filter>Source</Filter>
    </ClCompile>
    <ClCompile Include="..\..\src-IL\src\il_texture.cpp">
      <Filter>Source</Filter>
    </ClCompile>
    <ClCompile Include="..\..\src-IL\src\il_tpl.cpp">
      <Filter>Source</Filter>
    </ClCompile>
    <ClCompile Include="..\..\src-IL\src\il_utility.cpp">
      <Filter>Source</Filter>
    </ClCompile>
    <ClCompile Include="..\..\src-IL\src\il_wal.cpp">
      <Filter>Source</Filter>
    </ClCompile>
    <ClCompile Include="..\..\src-IL\src\il_wdp.cpp">
      <Filter>Source</Filter>
    </ClCompile>
    <ClCompile Include="..\..\src-IL\src\il_xpm.cpp">
      <Filter>Source</Filter>
    </ClCompile>
    <ClCompile Include="..\..\src-IL\src\il_alloc.cpp">
      <Filter>Source</Filter>
    </ClCompile>
    <ClCompile Include="..\..\src-il\src\il_api1.cpp">
      <Filter>Source</Filter>
    </ClCompile>
    <ClCompile Include="..\..\src-IL\src\il_palette.cpp">
      <Filter>Source</Filter>
    </ClCompile>
  </ItemGroup>
  <ItemGroup>
    <None Include="ResIL.def" />
  </ItemGroup>
</Project>