<?xml version="1.0" encoding="utf-8"?>
<Project ToolsVersion="4.0" xmlns="http://schemas.microsoft.com/developer/msbuild/2003">
  <ItemGroup>
    <Filter Include="Includes">
      <UniqueIdentifier>{24e28b3d-5ce2-4d16-8d5b-6461bfc59c1b}</UniqueIdentifier>
    </Filter>
    <Filter Include="Source">
      <UniqueIdentifier>{6f1a33f7-d644-4000-a716-caf9e120507f}</UniqueIdentifier>
    </Filter>
  </ItemGroup>
  <ItemGroup>
    <ClCompile Include="..\..\src-ILU\src\ilu_alloc.cpp">
      <Filter>Source</Filter>
    </ClCompile>
    <ClCompile Include="..\..\src-ILU\src\ilu_error.cpp">
      <Filter>Source</Filter>
    </ClCompile>
    <ClCompile Include="..\..\src-ILU\src\ilu_filter.cpp">
      <Filter>Source</Filter>
    </ClCompile>
    <ClCompile Include="..\..\src-ILU\src\ilu_filter_rcg.cpp">
      <Filter>Source</Filter>
    </ClCompile>
    <ClCompile Include="..\..\src-ILU\src\ilu_internal.cpp">
      <Filter>Source</Filter>
    </ClCompile>
    <ClCompile Include="..\..\src-ILU\src\ilu_main.cpp">
      <Filter>Source</Filter>
    </ClCompile>
    <ClCompile Include="..\..\src-ILU\src\ilu_manip.cpp">
      <Filter>Source</Filter>
    </ClCompile>
    <ClCompile Include="..\..\src-ILU\src\ilu_mipmap.cpp">
      <Filter>Source</Filter>
    </ClCompile>
    <ClCompile Include="..\..\src-ILU\src\ilu_noise.cpp">
      <Filter>Source</Filter>
    </ClCompile>
    <ClCompile Include="..\..\src-ILU\src\ilu_region.cpp">
      <Filter>Source</Filter>
    </ClCompile>
    <ClCompile Include="..\..\src-ILU\src\ilu_rotate.cpp">
      <Filter>Source</Filter>
    </ClCompile>
    <ClCompile Include="..\..\src-ILU\src\ilu_scale.cpp">
      <Filter>Source</Filter>
    </ClCompile>
    <ClCompile Include="..\..\src-ILU\src\ilu_scale2d.cpp">
      <Filter>Source</Filter>
    </ClCompile>
    <ClCompile Include="..\..\src-ILU\src\ilu_scale3d.cpp">
      <Filter>Source</Filter>
    </ClCompile>
    <ClCompile Include="..\..\src-ILU\src\ilu_scaling.cpp">
      <Filter>Source</Filter>
    </ClCompile>
    <ClCompile Include="..\..\src-ILU\src\ilu_states.cpp">
      <Filter>Source</Filter>
    </ClCompile>
    <ClCompile Include="..\..\src-ILU\src\ilu_utilities.cpp">
      <Filter>Source</Filter>
    </ClCompile>
  </ItemGroup>
  <ItemGroup>
    <ClInclude Include="..\..\src-ILU\include\ilu_internal.h">
      <Filter>Includes</Filter>
    </ClInclude>
    <ClInclude Include="..\..\src-ILU\include\ilu_region.h">
      <Filter>Includes</Filter>
    </ClInclude>
    <ClInclude Include="..\..\src-ILU\include\ilu_states.h">
      <Filter>Includes</Filter>
    </ClInclude>
    <ClInclude Include="..\..\src-ILU\include\ilu_alloc.h">
      <Filter>Includes</Filter>
    </ClInclude>
    <ClInclude Include="..\..\src-ILU\include\ilu_filter.h">
      <Filter>Includes</Filter>
    </ClInclude>
  </ItemGroup>
  <ItemGroup>
    <None Include="ILU.def" />
  </ItemGroup>
</Project>