<?xml version="1.0" encoding="utf-8"?>
<Project ToolsVersion="4.0" xmlns="http://schemas.microsoft.com/developer/msbuild/2003">
  <ItemGroup>
    <Filter Include="Includes">
      <UniqueIdentifier>{f8befb25-5589-4264-8d28-2afa63c16d12}</UniqueIdentifier>
    </Filter>
    <Filter Include="Source">
      <UniqueIdentifier>{ea647f71-c6da-490c-86e7-3904086c2f25}</UniqueIdentifier>
    </Filter>
  </ItemGroup>
  <ItemGroup>
    <ClInclude Include="..\..\src-ILUT\include\ilut_opengl.h">
      <Filter>Includes</Filter>
    </ClInclude>
    <ClInclude Include="..\..\src-ILUT\include\ilut_states.h">
      <Filter>Includes</Filter>
    </ClInclude>
    <ClInclude Include="..\..\src-ILUT\include\ilut_allegro.h">
      <Filter>Includes</Filter>
    </ClInclude>
    <ClInclude Include="..\..\src-ILUT\include\ilut_internal.h">
      <Filter>Includes</Filter>
    </ClInclude>
  </ItemGroup>
  <ItemGroup>
    <ClCompile Include="..\..\src-ILUT\src\ilut_allegro.cpp">
      <Filter>Source</Filter>
    </ClCompile>
    <ClCompile Include="..\..\src-ILUT\src\ilut_directx.cpp">
      <Filter>Source</Filter>
    </ClCompile>
    <ClCompile Include="..\..\src-ILUT\src\ilut_directx9.cpp">
      <Filter>Source</Filter>
    </ClCompile>
    <ClCompile Include="..\..\src-ILUT\src\ilut_internal.cpp">
      <Filter>Source</Filter>
    </ClCompile>
    <ClCompile Include="..\..\src-ILUT\src\ilut_main.cpp">
      <Filter>Source</Filter>
    </ClCompile>
    <ClCompile Include="..\..\src-ILUT\src\ilut_opengl.cpp">
      <Filter>Source</Filter>
    </ClCompile>
    <ClCompile Include="..\..\src-ILUT\src\ilut_sdlsurface.cpp">
      <Filter>Source</Filter>
    </ClCompile>
    <ClCompile Include="..\..\src-ILUT\src\ilut_states.cpp">
      <Filter>Source</Filter>
    </ClCompile>
    <ClCompile Include="..\..\src-ILUT\src\ilut_win32.cpp">
      <Filter>Source</Filter>
    </ClCompile>
  </ItemGroup>
</Project>