<?xml version="1.0" encoding="utf-8"?>
<Project ToolsVersion="4.0" xmlns="http://schemas.microsoft.com/developer/msbuild/2003">
  <ItemGroup>
    <ClInclude Include="..\..\Input Libs\lcms2-2.6\src\lcms2_internal.h" />
  </ItemGroup>
  <ItemGroup>
    <ClCompile Include="..\..\Input Libs\lcms2-2.6\src\cmscam02.c" />
    <ClCompile Include="..\..\Input Libs\lcms2-2.6\src\cmscgats.c" />
    <ClCompile Include="..\..\Input Libs\lcms2-2.6\src\cmscnvrt.c" />
    <ClCompile Include="..\..\Input Libs\lcms2-2.6\src\cmserr.c" />
    <ClCompile Include="..\..\Input Libs\lcms2-2.6\src\cmsgamma.c" />
    <ClCompile Include="..\..\Input Libs\lcms2-2.6\src\cmsgmt.c" />
    <ClCompile Include="..\..\Input Libs\lcms2-2.6\src\cmshalf.c" />
    <ClCompile Include="..\..\Input Libs\lcms2-2.6\src\cmsintrp.c" />
    <ClCompile Include="..\..\Input Libs\lcms2-2.6\src\cmsio0.c" />
    <ClCompile Include="..\..\Input Libs\lcms2-2.6\src\cmsio1.c" />
    <ClCompile Include="..\..\Input Libs\lcms2-2.6\src\cmslut.c" />
    <ClCompile Include="..\..\Input Libs\lcms2-2.6\src\cmsmd5.c" />
    <ClCompile Include="..\..\Input Libs\lcms2-2.6\src\cmsmtrx.c" />
    <ClCompile Include="..\..\Input Libs\lcms2-2.6\src\cmsnamed.c" />
    <ClCompile Include="..\..\Input Libs\lcms2-2.6\src\cmsopt.c" />
    <ClCompile Include="..\..\Input Libs\lcms2-2.6\src\cmspack.c" />
    <ClCompile Include="..\..\Input Libs\lcms2-2.6\src\cmspcs.c" />
    <ClCompile Include="..\..\Input Libs\lcms2-2.6\src\cmsplugin.c" />
    <ClCompile Include="..\..\Input Libs\lcms2-2.6\src\cmsps2.c" />
    <ClCompile Include="..\..\Input Libs\lcms2-2.6\src\cmssamp.c" />
    <ClCompile Include="..\..\Input Libs\lcms2-2.6\src\cmssm.c" />
    <ClCompile Include="..\..\Input Libs\lcms2-2.6\src\cmstypes.c" />
    <ClCompile Include="..\..\Input Libs\lcms2-2.6\src\cmsvirt.c" />
    <ClCompile Include="..\..\Input Libs\lcms2-2.6\src\cmswtpnt.c" />
    <ClCompile Include="..\..\Input Libs\lcms2-2.6\src\cmsxform.c" />
  </ItemGroup>
</Project>