<?xml version="1.0" encoding="utf-8"?>
<Project ToolsVersion="4.0" xmlns="http://schemas.microsoft.com/developer/msbuild/2003">
  <ItemGroup>
    <ClInclude Include="..\..\Input Libs\libmng-2.0.2\libmng_error.h" />
    <ClInclude Include="..\..\Input Libs\libmng-2.0.2\libmng_filter.h" />
    <ClInclude Include="..\..\Input Libs\libmng-2.0.2\libmng_jpeg.h" />
    <ClInclude Include="..\..\Input Libs\libmng-2.0.2\libmng_memory.h" />
    <ClInclude Include="..\..\Input Libs\libmng-2.0.2\libmng_object_prc.h" />
    <ClInclude Include="..\..\Input Libs\libmng-2.0.2\libmng_objects.h" />
    <ClInclude Include="..\..\Input Libs\libmng-2.0.2\libmng_pixels.h" />
    <ClInclude Include="..\..\Input Libs\libmng-2.0.2\libmng_read.h" />
    <ClInclude Include="..\..\Input Libs\libmng-2.0.2\libmng_trace.h" />
    <ClInclude Include="..\..\Input Libs\libmng-2.0.2\libmng_types.h" />
    <ClInclude Include="..\..\Input Libs\libmng-2.0.2\libmng_write.h" />
    <ClInclude Include="..\..\Input Libs\libmng-2.0.2\libmng_zlib.h" />
    <ClInclude Include="..\..\Input Libs\libmng-2.0.2\config.h" />
    <ClInclude Include="..\..\Input Libs\libmng-2.0.2\libmng.h" />
    <ClInclude Include="..\..\Input Libs\libmng-2.0.2\libmng_chunk_descr.h" />
    <ClInclude Include="..\..\Input Libs\libmng-2.0.2\libmng_chunk_io.h" />
    <ClInclude Include="..\..\Input Libs\libmng-2.0.2\libmng_chunk_prc.h" />
    <ClInclude Include="..\..\Input Libs\libmng-2.0.2\libmng_chunks.h" />
    <ClInclude Include="..\..\Input Libs\libmng-2.0.2\libmng_cms.h" />
    <ClInclude Include="..\..\Input Libs\libmng-2.0.2\libmng_conf.h" />
    <ClInclude Include="..\..\Input Libs\libmng-2.0.2\libmng_data.h" />
    <ClInclude Include="..\..\Input Libs\libmng-2.0.2\libmng_display.h" />
    <ClInclude Include="..\..\Input Libs\libmng-2.0.2\libmng_dither.h" />
  </ItemGroup>
  <ItemGroup>
    <ClCompile Include="..\..\Input Libs\libmng-2.0.2\libmng_callback_xs.c" />
    <ClCompile Include="..\..\Input Libs\libmng-2.0.2\libmng_chunk_descr.c" />
    <ClCompile Include="..\..\Input Libs\libmng-2.0.2\libmng_chunk_io.c" />
    <ClCompile Include="..\..\Input Libs\libmng-2.0.2\libmng_chunk_prc.c" />
    <ClCompile Include="..\..\Input Libs\libmng-2.0.2\libmng_chunk_xs.c" />
    <ClCompile Include="..\..\Input Libs\libmng-2.0.2\libmng_cms.c" />
    <ClCompile Include="..\..\Input Libs\libmng-2.0.2\libmng_display.c" />
    <ClCompile Include="..\..\Input Libs\libmng-2.0.2\libmng_dither.c" />
    <ClCompile Include="..\..\Input Libs\libmng-2.0.2\libmng_error.c" />
    <ClCompile Include="..\..\Input Libs\libmng-2.0.2\libmng_filter.c" />
    <ClCompile Include="..\..\Input Libs\libmng-2.0.2\libmng_hlapi.c" />
    <ClCompile Include="..\..\Input Libs\libmng-2.0.2\libmng_jpeg.c" />
    <ClCompile Include="..\..\Input Libs\libmng-2.0.2\libmng_object_prc.c" />
    <ClCompile Include="..\..\Input Libs\libmng-2.0.2\libmng_pixels.c" />
    <ClCompile Include="..\..\Input Libs\libmng-2.0.2\libmng_prop_xs.c" />
    <ClCompile Include="..\..\Input Libs\libmng-2.0.2\libmng_read.c" />
    <ClCompile Include="..\..\Input Libs\libmng-2.0.2\libmng_trace.c" />
    <ClCompile Include="..\..\Input Libs\libmng-2.0.2\libmng_write.c" />
    <ClCompile Include="..\..\Input Libs\libmng-2.0.2\libmng_zlib.c" />
  </ItemGroup>
</Project>