
Microsoft Visual Studio Solution File, Format Version 11.00
# Visual Studio 2010
Project("{8BC9CEB8-8B4A-11D0-8D11-00A0C91BC942}") = "ResIL", "IL.vcxproj", "{A335D80E-B684-41F1-904B-BE37EEDB5B50}"
	ProjectSection(ProjectDependencies) = postProject
		{0A671005-F174-4DCF-BFF4-0B78DCD540BA} = {0A671005-F174-4DCF-BFF4-0B78DCD540BA}
		{24995E07-F584-4865-B230-16ECA2BBA99E} = {24995E07-F584-4865-B230-16ECA2BBA99E}
		{56E45A36-8FF4-428D-BCDD-E4309EFF1B5F} = {56E45A36-8FF4-428D-BCDD-E4309EFF1B5F}
		{042F8741-A81E-41ED-82D9-8890B75F746A} = {042F8741-A81E-41ED-82D9-8890B75F746A}
		{CAEE179C-3246-442D-A643-7BB229536324} = {CAEE179C-3246-442D-A643-7BB229536324}
		{75DF26A6-1F07-4653-84C5-F63F039297FA} = {75DF26A6-1F07-4653-84C5-F63F039297FA}
		{D5F69FA6-19F9-48F5-8A5C-5404B0DA1124} = {D5F69FA6-19F9-48F5-8A5C-5404B0DA1124}
		{BF4DA0BF-AC31-4AB7-A67C-CBB493732EE1} = {BF4DA0BF-AC31-4AB7-A67C-CBB493732EE1}
		{FFF49AF1-8E35-4DB3-A273-A5ED1A8515E4} = {FFF49AF1-8E35-4DB3-A273-A5ED1A8515E4}
	EndProjectSection
EndProject
Project("{8BC9CEB8-8B4A-11D0-8D11-00A0C91BC942}") = "ILU", "ILU.vcxproj", "{D67A1C6C-AB21-4AFB-8346-611BA0D20631}"
	ProjectSection(ProjectDependencies) = postProject
		{A335D80E-B684-41F1-904B-BE37EEDB5B50} = {A335D80E-B684-41F1-904B-BE37EEDB5B50}
	EndProjectSection
EndProject
Project("{8BC9CEB8-8B4A-11D0-8D11-00A0C91BC942}") = "ILUT", "ILUT.vcxproj", "{5543AC6F-5F08-4F58-94DF-9B89221C6DB2}"
	ProjectSection(ProjectDependencies) = postProject
		{A335D80E-B684-41F1-904B-BE37EEDB5B50} = {A335D80E-B684-41F1-904B-BE37EEDB5B50}
		{D67A1C6C-AB21-4AFB-8346-611BA0D20631} = {D67A1C6C-AB21-4AFB-8346-611BA0D20631}
	EndProjectSection
EndProject
Project("{8BC9CEB8-8B4A-11D0-8D11-00A0C91BC942}") = "jpeg", "jpeg-8c.vcxproj", "{CAEE179C-3246-442D-A643-7BB229536324}"
EndProject
Project("{8BC9CEB8-8B4A-11D0-8D11-00A0C91BC942}") = "libTIFF", "TIFF.vcxproj", "{24995E07-F584-4865-B230-16ECA2BBA99E}"
EndProject
Project("{8BC9CEB8-8B4A-11D0-8D11-00A0C91BC942}") = "libmng", "libmng.vcxproj", "{D5F69FA6-19F9-48F5-8A5C-5404B0DA1124}"
	ProjectSection(ProjectDependencies) = postProject
		{56E45A36-8FF4-428D-BCDD-E4309EFF1B5F} = {56E45A36-8FF4-428D-BCDD-E4309EFF1B5F}
		{CAEE179C-3246-442D-A643-7BB229536324} = {CAEE179C-3246-442D-A643-7BB229536324}
	EndProjectSection
EndProject
Project("{8BC9CEB8-8B4A-11D0-8D11-00A0C91BC942}") = "test", "test.vcxproj", "{8491165A-2BC2-439A-9303-53CDD97A83CA}"
	ProjectSection(ProjectDependencies) = postProject
		{A335D80E-B684-41F1-904B-BE37EEDB5B50} = {A335D80E-B684-41F1-904B-BE37EEDB5B50}
		{D67A1C6C-AB21-4AFB-8346-611BA0D20631} = {D67A1C6C-AB21-4AFB-8346-611BA0D20631}
		{5543AC6F-5F08-4F58-94DF-9B89221C6DB2} = {5543AC6F-5F08-4F58-94DF-9B89221C6DB2}
	EndProjectSection
EndProject
Project("{8BC9CEB8-8B4A-11D0-8D11-00A0C91BC942}") = "zlib", "zlib.vcxproj", "{56E45A36-8FF4-428D-BCDD-E4309EFF1B5F}"
EndProject
Project("{8BC9CEB8-8B4A-11D0-8D11-00A0C91BC942}") = "libjasper", "libjasper.vcxproj", "{75DF26A6-1F07-4653-84C5-F63F039297FA}"
EndProject
Project("{8BC9CEB8-8B4A-11D0-8D11-00A0C91BC942}") = "lcms", "lcms.vcxproj", "{0A671005-F174-4DCF-BFF4-0B78DCD540BA}"
EndProject
Project("{8BC9CEB8-8B4A-11D0-8D11-00A0C91BC942}") = "libPNG", "libPNG.vcxproj", "{042F8741-A81E-41ED-82D9-8890B75F746A}"
EndProject
Project("{8BC9CEB8-8B4A-11D0-8D11-00A0C91BC942}") = "OpenExr", "OpenExr.vcxproj", "{FFF49AF1-8E35-4DB3-A273-A5ED1A8515E4}"
	ProjectSection(ProjectDependencies) = postProject
		{56E45A36-8FF4-428D-BCDD-E4309EFF1B5F} = {56E45A36-8FF4-428D-BCDD-E4309EFF1B5F}
		{BF4DA0BF-AC31-4AB7-A67C-CBB493732EE1} = {BF4DA0BF-AC31-4AB7-A67C-CBB493732EE1}
	EndProjectSection
EndProject
Project("{8BC9CEB8-8B4A-11D0-8D11-00A0C91BC942}") = "IlmBase", "IlmBase.vcxproj", "{BF4DA0BF-AC31-4AB7-A67C-CBB493732EE1}"
EndProject
Project("{8BC9CEB8-8B4A-11D0-8D11-00A0C91BC942}") = "testApi2", "testApi2.vcxproj", "{C0FD0668-C674-422D-A419-BA9BF5C18AD2}"
	ProjectSection(ProjectDependencies) = postProject
		{A335D80E-B684-41F1-904B-BE37EEDB5B50} = {A335D80E-B684-41F1-904B-BE37EEDB5B50}
		{D67A1C6C-AB21-4AFB-8346-611BA0D20631} = {D67A1C6C-AB21-4AFB-8346-611BA0D20631}
		{5543AC6F-5F08-4F58-94DF-9B89221C6DB2} = {5543AC6F-5F08-4F58-94DF-9B89221C6DB2}
	EndProjectSection
EndProject
Project("{8BC9CEB8-8B4A-11D0-8D11-00A0C91BC942}") = "TestAPI2MT", "TestAPI2MT.vcxproj", "{873B16A0-8D25-44B3-B7CB-ED151EE30870}"
	ProjectSection(ProjectDependencies) = postProject
		{A335D80E-B684-41F1-904B-BE37EEDB5B50} = {A335D80E-B684-41F1-904B-BE37EEDB5B50}
		{D67A1C6C-AB21-4AFB-8346-611BA0D20631} = {D67A1C6C-AB21-4AFB-8346-611BA0D20631}
		{5543AC6F-5F08-4F58-94DF-9B89221C6DB2} = {5543AC6F-5F08-4F58-94DF-9B89221C6DB2}
	EndProjectSection
EndProject
Global
	GlobalSection(SolutionConfigurationPlatforms) = preSolution
		Debug|Win32 = Debug|Win32
		Debug|x64 = Debug|x64
		Release|Win32 = Release|Win32
		Release|x64 = Release|x64
		Release-libcmt|Win32 = Release-libcmt|Win32
		Release-libcmt|x64 = Release-libcmt|x64
		Release-msvcrt|Win32 = Release-msvcrt|Win32
		Release-msvcrt|x64 = Release-msvcrt|x64
	EndGlobalSection
	GlobalSection(ProjectConfigurationPlatforms) = postSolution
		{A335D80E-B684-41F1-904B-BE37EEDB5B50}.Debug|Win32.ActiveCfg = Debug|Win32
		{A335D80E-B684-41F1-904B-BE37EEDB5B50}.Debug|Win32.Build.0 = Debug|Win32
		{A335D80E-B684-41F1-904B-BE37EEDB5B50}.Debug|x64.ActiveCfg = Debug|x64
		{A335D80E-B684-41F1-904B-BE37EEDB5B50}.Debug|x64.Build.0 = Debug|x64
		{A335D80E-B684-41F1-904B-BE37EEDB5B50}.Release|Win32.ActiveCfg = Release-msvcrt|Win32
		{A335D80E-B684-41F1-904B-BE37EEDB5B50}.Release|Win32.Build.0 = Release-msvcrt|Win32
		{A335D80E-B684-41F1-904B-BE37EEDB5B50}.Release|x64.ActiveCfg = Release-msvcrt|x64
		{A335D80E-B684-41F1-904B-BE37EEDB5B50}.Release|x64.Build.0 = Release-msvcrt|x64
		{A335D80E-B684-41F1-904B-BE37EEDB5B50}.Release-libcmt|Win32.ActiveCfg = Release-libcmt|Win32
		{A335D80E-B684-41F1-904B-BE37EEDB5B50}.Release-libcmt|Win32.Build.0 = Release-libcmt|Win32
		{A335D80E-B684-41F1-904B-BE37EEDB5B50}.Release-libcmt|x64.ActiveCfg = Release-libcmt|x64
		{A335D80E-B684-41F1-904B-BE37EEDB5B50}.Release-libcmt|x64.Build.0 = Release-libcmt|x64
		{A335D80E-B684-41F1-904B-BE37EEDB5B50}.Release-msvcrt|Win32.ActiveCfg = Release-msvcrt|Win32
		{A335D80E-B684-41F1-904B-BE37EEDB5B50}.Release-msvcrt|Win32.Build.0 = Release-msvcrt|Win32
		{A335D80E-B684-41F1-904B-BE37EEDB5B50}.Release-msvcrt|x64.ActiveCfg = Release-msvcrt|x64
		{A335D80E-B684-41F1-904B-BE37EEDB5B50}.Release-msvcrt|x64.Build.0 = Release-msvcrt|x64
		{D67A1C6C-AB21-4AFB-8346-611BA0D20631}.Debug|Win32.ActiveCfg = Debug|Win32
		{D67A1C6C-AB21-4AFB-8346-611BA0D20631}.Debug|Win32.Build.0 = Debug|Win32
		{D67A1C6C-AB21-4AFB-8346-611BA0D20631}.Debug|x64.ActiveCfg = Debug|x64
		{D67A1C6C-AB21-4AFB-8346-611BA0D20631}.Debug|x64.Build.0 = Debug|x64
		{D67A1C6C-AB21-4AFB-8346-611BA0D20631}.Release|Win32.ActiveCfg = Release-msvcrt|Win32
		{D67A1C6C-AB21-4AFB-8346-611BA0D20631}.Release|Win32.Build.0 = Release-msvcrt|Win32
		{D67A1C6C-AB21-4AFB-8346-611BA0D20631}.Release|x64.ActiveCfg = Release-msvcrt|x64
		{D67A1C6C-AB21-4AFB-8346-611BA0D20631}.Release|x64.Build.0 = Release-msvcrt|x64
		{D67A1C6C-AB21-4AFB-8346-611BA0D20631}.Release-libcmt|Win32.ActiveCfg = Release-libcmt|Win32
		{D67A1C6C-AB21-4AFB-8346-611BA0D20631}.Release-libcmt|Win32.Build.0 = Release-libcmt|Win32
		{D67A1C6C-AB21-4AFB-8346-611BA0D20631}.Release-libcmt|x64.ActiveCfg = Release-libcmt|x64
		{D67A1C6C-AB21-4AFB-8346-611BA0D20631}.Release-libcmt|x64.Build.0 = Release-libcmt|x64
		{D67A1C6C-AB21-4AFB-8346-611BA0D20631}.Release-msvcrt|Win32.ActiveCfg = Release-msvcrt|Win32
		{D67A1C6C-AB21-4AFB-8346-611BA0D20631}.Release-msvcrt|Win32.Build.0 = Release-msvcrt|Win32
		{D67A1C6C-AB21-4AFB-8346-611BA0D20631}.Release-msvcrt|x64.ActiveCfg = Release-msvcrt|x64
		{D67A1C6C-AB21-4AFB-8346-611BA0D20631}.Release-msvcrt|x64.Build.0 = Release-msvcrt|x64
		{5543AC6F-5F08-4F58-94DF-9B89221C6DB2}.Debug|Win32.ActiveCfg = Debug|Win32
		{5543AC6F-5F08-4F58-94DF-9B89221C6DB2}.Debug|Win32.Build.0 = Debug|Win32
		{5543AC6F-5F08-4F58-94DF-9B89221C6DB2}.Debug|x64.ActiveCfg = Debug|x64
		{5543AC6F-5F08-4F58-94DF-9B89221C6DB2}.Debug|x64.Build.0 = Debug|x64
		{5543AC6F-5F08-4F58-94DF-9B89221C6DB2}.Release|Win32.ActiveCfg = Release-msvcrt|Win32
		{5543AC6F-5F08-4F58-94DF-9B89221C6DB2}.Release|Win32.Build.0 = Release-msvcrt|Win32
		{5543AC6F-5F08-4F58-94DF-9B89221C6DB2}.Release|x64.ActiveCfg = Release-msvcrt|x64
		{5543AC6F-5F08-4F58-94DF-9B89221C6DB2}.Release|x64.Build.0 = Release-msvcrt|x64
		{5543AC6F-5F08-4F58-94DF-9B89221C6DB2}.Release-libcmt|Win32.ActiveCfg = Release-libcmt|Win32
		{5543AC6F-5F08-4F58-94DF-9B89221C6DB2}.Release-libcmt|Win32.Build.0 = Release-libcmt|Win32
		{5543AC6F-5F08-4F58-94DF-9B89221C6DB2}.Release-libcmt|x64.ActiveCfg = Release-libcmt|x64
		{5543AC6F-5F08-4F58-94DF-9B89221C6DB2}.Release-libcmt|x64.Build.0 = Release-libcmt|x64
		{5543AC6F-5F08-4F58-94DF-9B89221C6DB2}.Release-msvcrt|Win32.ActiveCfg = Release-msvcrt|Win32
		{5543AC6F-5F08-4F58-94DF-9B89221C6DB2}.Release-msvcrt|Win32.Build.0 = Release-msvcrt|Win32
		{5543AC6F-5F08-4F58-94DF-9B89221C6DB2}.Release-msvcrt|x64.ActiveCfg = Release-msvcrt|x64
		{5543AC6F-5F08-4F58-94DF-9B89221C6DB2}.Release-msvcrt|x64.Build.0 = Release-msvcrt|x64
		{CAEE179C-3246-442D-A643-7BB229536324}.Debug|Win32.ActiveCfg = Debug|Win32
		{CAEE179C-3246-442D-A643-7BB229536324}.Debug|Win32.Build.0 = Debug|Win32
		{CAEE179C-3246-442D-A643-7BB229536324}.Debug|x64.ActiveCfg = Debug|x64
		{CAEE179C-3246-442D-A643-7BB229536324}.Debug|x64.Build.0 = Debug|x64
		{CAEE179C-3246-442D-A643-7BB229536324}.Release|Win32.ActiveCfg = Release-msvcrt|Win32
		{CAEE179C-3246-442D-A643-7BB229536324}.Release|Win32.Build.0 = Release-msvcrt|Win32
		{CAEE179C-3246-442D-A643-7BB229536324}.Release|x64.ActiveCfg = Release-msvcrt|x64
		{CAEE179C-3246-442D-A643-7BB229536324}.Release|x64.Build.0 = Release-msvcrt|x64
		{CAEE179C-3246-442D-A643-7BB229536324}.Release-libcmt|Win32.ActiveCfg = Release-libcmt|Win32
		{CAEE179C-3246-442D-A643-7BB229536324}.Release-libcmt|Win32.Build.0 = Release-libcmt|Win32
		{CAEE179C-3246-442D-A643-7BB229536324}.Release-libcmt|x64.ActiveCfg = Release-libcmt|x64
		{CAEE179C-3246-442D-A643-7BB229536324}.Release-libcmt|x64.Build.0 = Release-libcmt|x64
		{CAEE179C-3246-442D-A643-7BB229536324}.Release-msvcrt|Win32.ActiveCfg = Release-msvcrt|Win32
		{CAEE179C-3246-442D-A643-7BB229536324}.Release-msvcrt|Win32.Build.0 = Release-msvcrt|Win32
		{CAEE179C-3246-442D-A643-7BB229536324}.Release-msvcrt|x64.ActiveCfg = Release-msvcrt|x64
		{CAEE179C-3246-442D-A643-7BB229536324}.Release-msvcrt|x64.Build.0 = Release-msvcrt|x64
		{24995E07-F584-4865-B230-16ECA2BBA99E}.Debug|Win32.ActiveCfg = Debug|Win32
		{24995E07-F584-4865-B230-16ECA2BBA99E}.Debug|Win32.Build.0 = Debug|Win32
		{24995E07-F584-4865-B230-16ECA2BBA99E}.Debug|x64.ActiveCfg = Debug|x64
		{24995E07-F584-4865-B230-16ECA2BBA99E}.Debug|x64.Build.0 = Debug|x64
		{24995E07-F584-4865-B230-16ECA2BBA99E}.Release|Win32.ActiveCfg = Release-msvcrt|Win32
		{24995E07-F584-4865-B230-16ECA2BBA99E}.Release|Win32.Build.0 = Release-msvcrt|Win32
		{24995E07-F584-4865-B230-16ECA2BBA99E}.Release|x64.ActiveCfg = Release-msvcrt|x64
		{24995E07-F584-4865-B230-16ECA2BBA99E}.Release|x64.Build.0 = Release-msvcrt|x64
		{24995E07-F584-4865-B230-16ECA2BBA99E}.Release-libcmt|Win32.ActiveCfg = Release-libcmt|Win32
		{24995E07-F584-4865-B230-16ECA2BBA99E}.Release-libcmt|Win32.Build.0 = Release-libcmt|Win32
		{24995E07-F584-4865-B230-16ECA2BBA99E}.Release-libcmt|x64.ActiveCfg = Release-libcmt|x64
		{24995E07-F584-4865-B230-16ECA2BBA99E}.Release-libcmt|x64.Build.0 = Release-libcmt|x64
		{24995E07-F584-4865-B230-16ECA2BBA99E}.Release-msvcrt|Win32.ActiveCfg = Release-msvcrt|Win32
		{24995E07-F584-4865-B230-16ECA2BBA99E}.Release-msvcrt|Win32.Build.0 = Release-msvcrt|Win32
		{24995E07-F584-4865-B230-16ECA2BBA99E}.Release-msvcrt|x64.ActiveCfg = Release-msvcrt|x64
		{24995E07-F584-4865-B230-16ECA2BBA99E}.Release-msvcrt|x64.Build.0 = Release-msvcrt|x64
		{D5F69FA6-19F9-48F5-8A5C-5404B0DA1124}.Debug|Win32.ActiveCfg = Debug|Win32
		{D5F69FA6-19F9-48F5-8A5C-5404B0DA1124}.Debug|Win32.Build.0 = Debug|Win32
		{D5F69FA6-19F9-48F5-8A5C-5404B0DA1124}.Debug|x64.ActiveCfg = Debug|x64
		{D5F69FA6-19F9-48F5-8A5C-5404B0DA1124}.Debug|x64.Build.0 = Debug|x64
		{D5F69FA6-19F9-48F5-8A5C-5404B0DA1124}.Release|Win32.ActiveCfg = Release-msvcrt|Win32
		{D5F69FA6-19F9-48F5-8A5C-5404B0DA1124}.Release|Win32.Build.0 = Release-msvcrt|Win32
		{D5F69FA6-19F9-48F5-8A5C-5404B0DA1124}.Release|x64.ActiveCfg = Release-msvcrt|x64
		{D5F69FA6-19F9-48F5-8A5C-5404B0DA1124}.Release|x64.Build.0 = Release-msvcrt|x64
		{D5F69FA6-19F9-48F5-8A5C-5404B0DA1124}.Release-libcmt|Win32.ActiveCfg = Release-libcmt|Win32
		{D5F69FA6-19F9-48F5-8A5C-5404B0DA1124}.Release-libcmt|Win32.Build.0 = Release-libcmt|Win32
		{D5F69FA6-19F9-48F5-8A5C-5404B0DA1124}.Release-libcmt|x64.ActiveCfg = Release-libcmt|x64
		{D5F69FA6-19F9-48F5-8A5C-5404B0DA1124}.Release-libcmt|x64.Build.0 = Release-libcmt|x64
		{D5F69FA6-19F9-48F5-8A5C-5404B0DA1124}.Release-msvcrt|Win32.ActiveCfg = Release-msvcrt|Win32
		{D5F69FA6-19F9-48F5-8A5C-5404B0DA1124}.Release-msvcrt|Win32.Build.0 = Release-msvcrt|Win32
		{D5F69FA6-19F9-48F5-8A5C-5404B0DA1124}.Release-msvcrt|x64.ActiveCfg = Release-msvcrt|x64
		{D5F69FA6-19F9-48F5-8A5C-5404B0DA1124}.Release-msvcrt|x64.Build.0 = Release-msvcrt|x64
		{8491165A-2BC2-439A-9303-53CDD97A83CA}.Debug|Win32.ActiveCfg = Debug|Win32
		{8491165A-2BC2-439A-9303-53CDD97A83CA}.Debug|Win32.Build.0 = Debug|Win32
		{8491165A-2BC2-439A-9303-53CDD97A83CA}.Debug|x64.ActiveCfg = Debug|x64
		{8491165A-2BC2-439A-9303-53CDD97A83CA}.Debug|x64.Build.0 = Debug|x64
		{8491165A-2BC2-439A-9303-53CDD97A83CA}.Release|Win32.ActiveCfg = Release-msvcrt|Win32
		{8491165A-2BC2-439A-9303-53CDD97A83CA}.Release|Win32.Build.0 = Release-msvcrt|Win32
		{8491165A-2BC2-439A-9303-53CDD97A83CA}.Release|x64.ActiveCfg = Release-msvcrt|x64
		{8491165A-2BC2-439A-9303-53CDD97A83CA}.Release|x64.Build.0 = Release-msvcrt|x64
		{8491165A-2BC2-439A-9303-53CDD97A83CA}.Release-libcmt|Win32.ActiveCfg = Release-libcmt|Win32
		{8491165A-2BC2-439A-9303-53CDD97A83CA}.Release-libcmt|Win32.Build.0 = Release-libcmt|Win32
		{8491165A-2BC2-439A-9303-53CDD97A83CA}.Release-libcmt|x64.ActiveCfg = Release-libcmt|x64
		{8491165A-2BC2-439A-9303-53CDD97A83CA}.Release-libcmt|x64.Build.0 = Release-libcmt|x64
		{8491165A-2BC2-439A-9303-53CDD97A83CA}.Release-msvcrt|Win32.ActiveCfg = Release-msvcrt|Win32
		{8491165A-2BC2-439A-9303-53CDD97A83CA}.Release-msvcrt|Win32.Build.0 = Release-msvcrt|Win32
		{8491165A-2BC2-439A-9303-53CDD97A83CA}.Release-msvcrt|x64.ActiveCfg = Release-msvcrt|x64
		{8491165A-2BC2-439A-9303-53CDD97A83CA}.Release-msvcrt|x64.Build.0 = Release-msvcrt|x64
		{56E45A36-8FF4-428D-BCDD-E4309EFF1B5F}.Debug|Win32.ActiveCfg = Debug|Win32
		{56E45A36-8FF4-428D-BCDD-E4309EFF1B5F}.Debug|Win32.Build.0 = Debug|Win32
		{56E45A36-8FF4-428D-BCDD-E4309EFF1B5F}.Debug|x64.ActiveCfg = Debug|x64
		{56E45A36-8FF4-428D-BCDD-E4309EFF1B5F}.Debug|x64.Build.0 = Debug|x64
		{56E45A36-8FF4-428D-BCDD-E4309EFF1B5F}.Release|Win32.ActiveCfg = Release-msvcrt|Win32
		{56E45A36-8FF4-428D-BCDD-E4309EFF1B5F}.Release|Win32.Build.0 = Release-msvcrt|Win32
		{56E45A36-8FF4-428D-BCDD-E4309EFF1B5F}.Release|x64.ActiveCfg = Release-msvcrt|x64
		{56E45A36-8FF4-428D-BCDD-E4309EFF1B5F}.Release|x64.Build.0 = Release-msvcrt|x64
		{56E45A36-8FF4-428D-BCDD-E4309EFF1B5F}.Release-libcmt|Win32.ActiveCfg = Release-libcmt|Win32
		{56E45A36-8FF4-428D-BCDD-E4309EFF1B5F}.Release-libcmt|Win32.Build.0 = Release-libcmt|Win32
		{56E45A36-8FF4-428D-BCDD-E4309EFF1B5F}.Release-libcmt|x64.ActiveCfg = Release-libcmt|x64
		{56E45A36-8FF4-428D-BCDD-E4309EFF1B5F}.Release-libcmt|x64.Build.0 = Release-libcmt|x64
		{56E45A36-8FF4-428D-BCDD-E4309EFF1B5F}.Release-msvcrt|Win32.ActiveCfg = Release-msvcrt|Win32
		{56E45A36-8FF4-428D-BCDD-E4309EFF1B5F}.Release-msvcrt|Win32.Build.0 = Release-msvcrt|Win32
		{56E45A36-8FF4-428D-BCDD-E4309EFF1B5F}.Release-msvcrt|x64.ActiveCfg = Release-msvcrt|x64
		{56E45A36-8FF4-428D-BCDD-E4309EFF1B5F}.Release-msvcrt|x64.Build.0 = Release-msvcrt|x64
		{75DF26A6-1F07-4653-84C5-F63F039297FA}.Debug|Win32.ActiveCfg = Debug|Win32
		{75DF26A6-1F07-4653-84C5-F63F039297FA}.Debug|Win32.Build.0 = Debug|Win32
		{75DF26A6-1F07-4653-84C5-F63F039297FA}.Debug|x64.ActiveCfg = Debug|x64
		{75DF26A6-1F07-4653-84C5-F63F039297FA}.Debug|x64.Build.0 = Debug|x64
		{75DF26A6-1F07-4653-84C5-F63F039297FA}.Release|Win32.ActiveCfg = Release-msvcrt|Win32
		{75DF26A6-1F07-4653-84C5-F63F039297FA}.Release|Win32.Build.0 = Release-msvcrt|Win32
		{75DF26A6-1F07-4653-84C5-F63F039297FA}.Release|x64.ActiveCfg = Release-msvcrt|x64
		{75DF26A6-1F07-4653-84C5-F63F039297FA}.Release|x64.Build.0 = Release-msvcrt|x64
		{75DF26A6-1F07-4653-84C5-F63F039297FA}.Release-libcmt|Win32.ActiveCfg = Release-libcmt|Win32
		{75DF26A6-1F07-4653-84C5-F63F039297FA}.Release-libcmt|Win32.Build.0 = Release-libcmt|Win32
		{75DF26A6-1F07-4653-84C5-F63F039297FA}.Release-libcmt|x64.ActiveCfg = Release-libcmt|x64
		{75DF26A6-1F07-4653-84C5-F63F039297FA}.Release-libcmt|x64.Build.0 = Release-libcmt|x64
		{75DF26A6-1F07-4653-84C5-F63F039297FA}.Release-msvcrt|Win32.ActiveCfg = Release-msvcrt|Win32
		{75DF26A6-1F07-4653-84C5-F63F039297FA}.Release-msvcrt|Win32.Build.0 = Release-msvcrt|Win32
		{75DF26A6-1F07-4653-84C5-F63F039297FA}.Release-msvcrt|x64.ActiveCfg = Release-msvcrt|x64
		{75DF26A6-1F07-4653-84C5-F63F039297FA}.Release-msvcrt|x64.Build.0 = Release-msvcrt|x64
		{0A671005-F174-4DCF-BFF4-0B78DCD540BA}.Debug|Win32.ActiveCfg = Debug|Win32
		{0A671005-F174-4DCF-BFF4-0B78DCD540BA}.Debug|Win32.Build.0 = Debug|Win32
		{0A671005-F174-4DCF-BFF4-0B78DCD540BA}.Debug|x64.ActiveCfg = Debug|x64
		{0A671005-F174-4DCF-BFF4-0B78DCD540BA}.Debug|x64.Build.0 = Debug|x64
		{0A671005-F174-4DCF-BFF4-0B78DCD540BA}.Release|Win32.ActiveCfg = Release-msvcrt|Win32
		{0A671005-F174-4DCF-BFF4-0B78DCD540BA}.Release|Win32.Build.0 = Release-msvcrt|Win32
		{0A671005-F174-4DCF-BFF4-0B78DCD540BA}.Release|x64.ActiveCfg = Release-msvcrt|x64
		{0A671005-F174-4DCF-BFF4-0B78DCD540BA}.Release|x64.Build.0 = Release-msvcrt|x64
		{0A671005-F174-4DCF-BFF4-0B78DCD540BA}.Release-libcmt|Win32.ActiveCfg = Release-libcmt|Win32
		{0A671005-F174-4DCF-BFF4-0B78DCD540BA}.Release-libcmt|Win32.Build.0 = Release-libcmt|Win32
		{0A671005-F174-4DCF-BFF4-0B78DCD540BA}.Release-libcmt|x64.ActiveCfg = Release-libcmt|x64
		{0A671005-F174-4DCF-BFF4-0B78DCD540BA}.Release-libcmt|x64.Build.0 = Release-libcmt|x64
		{0A671005-F174-4DCF-BFF4-0B78DCD540BA}.Release-msvcrt|Win32.ActiveCfg = Release-msvcrt|Win32
		{0A671005-F174-4DCF-BFF4-0B78DCD540BA}.Release-msvcrt|Win32.Build.0 = Release-msvcrt|Win32
		{0A671005-F174-4DCF-BFF4-0B78DCD540BA}.Release-msvcrt|x64.ActiveCfg = Release-msvcrt|x64
		{0A671005-F174-4DCF-BFF4-0B78DCD540BA}.Release-msvcrt|x64.Build.0 = Release-msvcrt|x64
		{042F8741-A81E-41ED-82D9-8890B75F746A}.Debug|Win32.ActiveCfg = Debug|Win32
		{042F8741-A81E-41ED-82D9-8890B75F746A}.Debug|Win32.Build.0 = Debug|Win32
		{042F8741-A81E-41ED-82D9-8890B75F746A}.Debug|x64.ActiveCfg = Debug|x64
		{042F8741-A81E-41ED-82D9-8890B75F746A}.Debug|x64.Build.0 = Debug|x64
		{042F8741-A81E-41ED-82D9-8890B75F746A}.Release|Win32.ActiveCfg = Release-msvcrt|Win32
		{042F8741-A81E-41ED-82D9-8890B75F746A}.Release|Win32.Build.0 = Release-msvcrt|Win32
		{042F8741-A81E-41ED-82D9-8890B75F746A}.Release|x64.ActiveCfg = Release-msvcrt|x64
		{042F8741-A81E-41ED-82D9-8890B75F746A}.Release|x64.Build.0 = Release-msvcrt|x64
		{042F8741-A81E-41ED-82D9-8890B75F746A}.Release-libcmt|Win32.ActiveCfg = Release-libcmt|Win32
		{042F8741-A81E-41ED-82D9-8890B75F746A}.Release-libcmt|Win32.Build.0 = Release-libcmt|Win32
		{042F8741-A81E-41ED-82D9-8890B75F746A}.Release-libcmt|x64.ActiveCfg = Release-libcmt|x64
		{042F8741-A81E-41ED-82D9-8890B75F746A}.Release-libcmt|x64.Build.0 = Release-libcmt|x64
		{042F8741-A81E-41ED-82D9-8890B75F746A}.Release-msvcrt|Win32.ActiveCfg = Release-msvcrt|Win32
		{042F8741-A81E-41ED-82D9-8890B75F746A}.Release-msvcrt|Win32.Build.0 = Release-msvcrt|Win32
		{042F8741-A81E-41ED-82D9-8890B75F746A}.Release-msvcrt|x64.ActiveCfg = Release-msvcrt|x64
		{042F8741-A81E-41ED-82D9-8890B75F746A}.Release-msvcrt|x64.Build.0 = Release-msvcrt|x64
		{FFF49AF1-8E35-4DB3-A273-A5ED1A8515E4}.Debug|Win32.ActiveCfg = Debug|Win32
		{FFF49AF1-8E35-4DB3-A273-A5ED1A8515E4}.Debug|Win32.Build.0 = Debug|Win32
		{FFF49AF1-8E35-4DB3-A273-A5ED1A8515E4}.Debug|x64.ActiveCfg = Debug|x64
		{FFF49AF1-8E35-4DB3-A273-A5ED1A8515E4}.Debug|x64.Build.0 = Debug|x64
		{FFF49AF1-8E35-4DB3-A273-A5ED1A8515E4}.Release|Win32.ActiveCfg = Release-msvcrt|Win32
		{FFF49AF1-8E35-4DB3-A273-A5ED1A8515E4}.Release|Win32.Build.0 = Release-msvcrt|Win32
		{FFF49AF1-8E35-4DB3-A273-A5ED1A8515E4}.Release|x64.ActiveCfg = Release-msvcrt|x64
		{FFF49AF1-8E35-4DB3-A273-A5ED1A8515E4}.Release|x64.Build.0 = Release-msvcrt|x64
		{FFF49AF1-8E35-4DB3-A273-A5ED1A8515E4}.Release-libcmt|Win32.ActiveCfg = Release-libcmt|Win32
		{FFF49AF1-8E35-4DB3-A273-A5ED1A8515E4}.Release-libcmt|Win32.Build.0 = Release-libcmt|Win32
		{FFF49AF1-8E35-4DB3-A273-A5ED1A8515E4}.Release-libcmt|x64.ActiveCfg = Release-libcmt|x64
		{FFF49AF1-8E35-4DB3-A273-A5ED1A8515E4}.Release-libcmt|x64.Build.0 = Release-libcmt|x64
		{FFF49AF1-8E35-4DB3-A273-A5ED1A8515E4}.Release-msvcrt|Win32.ActiveCfg = Release-msvcrt|Win32
		{FFF49AF1-8E35-4DB3-A273-A5ED1A8515E4}.Release-msvcrt|Win32.Build.0 = Release-msvcrt|Win32
		{FFF49AF1-8E35-4DB3-A273-A5ED1A8515E4}.Release-msvcrt|x64.ActiveCfg = Release-msvcrt|x64
		{FFF49AF1-8E35-4DB3-A273-A5ED1A8515E4}.Release-msvcrt|x64.Build.0 = Release-msvcrt|x64
		{BF4DA0BF-AC31-4AB7-A67C-CBB493732EE1}.Debug|Win32.ActiveCfg = Debug|Win32
		{BF4DA0BF-AC31-4AB7-A67C-CBB493732EE1}.Debug|Win32.Build.0 = Debug|Win32
		{BF4DA0BF-AC31-4AB7-A67C-CBB493732EE1}.Debug|x64.ActiveCfg = Debug|x64
		{BF4DA0BF-AC31-4AB7-A67C-CBB493732EE1}.Debug|x64.Build.0 = Debug|x64
		{BF4DA0BF-AC31-4AB7-A67C-CBB493732EE1}.Release|Win32.ActiveCfg = Release-msvcrt|Win32
		{BF4DA0BF-AC31-4AB7-A67C-CBB493732EE1}.Release|Win32.Build.0 = Release-msvcrt|Win32
		{BF4DA0BF-AC31-4AB7-A67C-CBB493732EE1}.Release|x64.ActiveCfg = Release-msvcrt|x64
		{BF4DA0BF-AC31-4AB7-A67C-CBB493732EE1}.Release|x64.Build.0 = Release-msvcrt|x64
		{BF4DA0BF-AC31-4AB7-A67C-CBB493732EE1}.Release-libcmt|Win32.ActiveCfg = Release-libcmt|Win32
		{BF4DA0BF-AC31-4AB7-A67C-CBB493732EE1}.Release-libcmt|Win32.Build.0 = Release-libcmt|Win32
		{BF4DA0BF-AC31-4AB7-A67C-CBB493732EE1}.Release-libcmt|x64.ActiveCfg = Release-libcmt|x64
		{BF4DA0BF-AC31-4AB7-A67C-CBB493732EE1}.Release-libcmt|x64.Build.0 = Release-libcmt|x64
		{BF4DA0BF-AC31-4AB7-A67C-CBB493732EE1}.Release-msvcrt|Win32.ActiveCfg = Release-msvcrt|Win32
		{BF4DA0BF-AC31-4AB7-A67C-CBB493732EE1}.Release-msvcrt|Win32.Build.0 = Release-msvcrt|Win32
		{BF4DA0BF-AC31-4AB7-A67C-CBB493732EE1}.Release-msvcrt|x64.ActiveCfg = Release-msvcrt|x64
		{BF4DA0BF-AC31-4AB7-A67C-CBB493732EE1}.Release-msvcrt|x64.Build.0 = Release-msvcrt|x64
		{C0FD0668-C674-422D-A419-BA9BF5C18AD2}.Debug|Win32.ActiveCfg = Debug|Win32
		{C0FD0668-C674-422D-A419-BA9BF5C18AD2}.Debug|Win32.Build.0 = Debug|Win32
		{C0FD0668-C674-422D-A419-BA9BF5C18AD2}.Debug|x64.ActiveCfg = Debug|x64
		{C0FD0668-C674-422D-A419-BA9BF5C18AD2}.Release|Win32.ActiveCfg = Release-libcmt|Win32
		{C0FD0668-C674-422D-A419-BA9BF5C18AD2}.Release|Win32.Build.0 = Release-libcmt|Win32
		{C0FD0668-C674-422D-A419-BA9BF5C18AD2}.Release|x64.ActiveCfg = Release-libcmt|Win32
		{C0FD0668-C674-422D-A419-BA9BF5C18AD2}.Release-libcmt|Win32.ActiveCfg = Release-libcmt|Win32
		{C0FD0668-C674-422D-A419-BA9BF5C18AD2}.Release-libcmt|Win32.Build.0 = Release-libcmt|Win32
		{C0FD0668-C674-422D-A419-BA9BF5C18AD2}.Release-libcmt|x64.ActiveCfg = Release-libcmt|Win32
		{C0FD0668-C674-422D-A419-BA9BF5C18AD2}.Release-msvcrt|Win32.ActiveCfg = Release-libcmt|Win32
		{C0FD0668-C674-422D-A419-BA9BF5C18AD2}.Release-msvcrt|Win32.Build.0 = Release-libcmt|Win32
		{C0FD0668-C674-422D-A419-BA9BF5C18AD2}.Release-msvcrt|x64.ActiveCfg = Release-libcmt|Win32
		{873B16A0-8D25-44B3-B7CB-ED151EE30870}.Debug|Win32.ActiveCfg = Debug|Win32
		{873B16A0-8D25-44B3-B7CB-ED151EE30870}.Debug|Win32.Build.0 = Debug|Win32
		{873B16A0-8D25-44B3-B7CB-ED151EE30870}.Debug|x64.ActiveCfg = Debug|x64
		{873B16A0-8D25-44B3-B7CB-ED151EE30870}.Release|Win32.ActiveCfg = Release-libcmt|Win32
		{873B16A0-8D25-44B3-B7CB-ED151EE30870}.Release|Win32.Build.0 = Release-libcmt|Win32
		{873B16A0-8D25-44B3-B7CB-ED151EE30870}.Release|x64.ActiveCfg = Release-libcmt|Win32
		{873B16A0-8D25-44B3-B7CB-ED151EE30870}.Release-libcmt|Win32.ActiveCfg = Release-libcmt|Win32
		{873B16A0-8D25-44B3-B7CB-ED151EE30870}.Release-libcmt|Win32.Build.0 = Release-libcmt|Win32
		{873B16A0-8D25-44B3-B7CB-ED151EE30870}.Release-libcmt|x64.ActiveCfg = Release-libcmt|Win32
		{873B16A0-8D25-44B3-B7CB-ED151EE30870}.Release-msvcrt|Win32.ActiveCfg = Release-libcmt|Win32
		{873B16A0-8D25-44B3-B7CB-ED151EE30870}.Release-msvcrt|Win32.Build.0 = Release-libcmt|Win32
		{873B16A0-8D25-44B3-B7CB-ED151EE30870}.Release-msvcrt|x64.ActiveCfg = Release-libcmt|Win32
	EndGlobalSection
	GlobalSection(SolutionProperties) = preSolution
		HideSolutionNode = FALSE
	EndGlobalSection
EndGlobal
