<?xml version="1.0" encoding="utf-8"?>
<Project ToolsVersion="4.0" xmlns="http://schemas.microsoft.com/developer/msbuild/2003">
  <ItemGroup>
    <ClCompile Include="..\..\Input Libs\tiff-4.0.3\libtiff\mkg3states.c" />
    <ClCompile Include="..\..\Input Libs\tiff-4.0.3\libtiff\tif_aux.c" />
    <ClCompile Include="..\..\Input Libs\tiff-4.0.3\libtiff\tif_close.c" />
    <ClCompile Include="..\..\Input Libs\tiff-4.0.3\libtiff\tif_codec.c" />
    <ClCompile Include="..\..\Input Libs\tiff-4.0.3\libtiff\tif_color.c" />
    <ClCompile Include="..\..\Input Libs\tiff-4.0.3\libtiff\tif_compress.c" />
    <ClCompile Include="..\..\Input Libs\tiff-4.0.3\libtiff\tif_dir.c" />
    <ClCompile Include="..\..\Input Libs\tiff-4.0.3\libtiff\tif_dirinfo.c" />
    <ClCompile Include="..\..\Input Libs\tiff-4.0.3\libtiff\tif_dirread.c" />
    <ClCompile Include="..\..\Input Libs\tiff-4.0.3\libtiff\tif_dirwrite.c" />
    <ClCompile Include="..\..\Input Libs\tiff-4.0.3\libtiff\tif_dumpmode.c" />
    <ClCompile Include="..\..\Input Libs\tiff-4.0.3\libtiff\tif_error.c" />
    <ClCompile Include="..\..\Input Libs\tiff-4.0.3\libtiff\tif_extension.c" />
    <ClCompile Include="..\..\Input Libs\tiff-4.0.3\libtiff\tif_fax3.c" />
    <ClCompile Include="..\..\Input Libs\tiff-4.0.3\libtiff\tif_fax3sm.c" />
    <ClCompile Include="..\..\Input Libs\tiff-4.0.3\libtiff\tif_flush.c" />
    <ClCompile Include="..\..\Input Libs\tiff-4.0.3\libtiff\tif_getimage.c" />
    <ClCompile Include="..\..\Input Libs\tiff-4.0.3\libtiff\tif_jbig.c" />
    <ClCompile Include="..\..\Input Libs\tiff-4.0.3\libtiff\tif_jpeg.c" />
    <ClCompile Include="..\..\Input Libs\tiff-4.0.3\libtiff\tif_jpeg_12.c" />
    <ClCompile Include="..\..\Input Libs\tiff-4.0.3\libtiff\tif_luv.c" />
    <ClCompile Include="..\..\Input Libs\tiff-4.0.3\libtiff\tif_lzma.c" />
    <ClCompile Include="..\..\Input Libs\tiff-4.0.3\libtiff\tif_lzw.c" />
    <ClCompile Include="..\..\Input Libs\tiff-4.0.3\libtiff\tif_next.c" />
    <ClCompile Include="..\..\Input Libs\tiff-4.0.3\libtiff\tif_ojpeg.c" />
    <ClCompile Include="..\..\Input Libs\tiff-4.0.3\libtiff\tif_open.c" />
    <ClCompile Include="..\..\Input Libs\tiff-4.0.3\libtiff\tif_packbits.c" />
    <ClCompile Include="..\..\Input Libs\tiff-4.0.3\libtiff\tif_pixarlog.c" />
    <ClCompile Include="..\..\Input Libs\tiff-4.0.3\libtiff\tif_predict.c" />
    <ClCompile Include="..\..\Input Libs\tiff-4.0.3\libtiff\tif_print.c" />
    <ClCompile Include="..\..\Input Libs\tiff-4.0.3\libtiff\tif_read.c" />
    <ClCompile Include="..\..\Input Libs\tiff-4.0.3\libtiff\tif_strip.c" />
    <ClCompile Include="..\..\Input Libs\tiff-4.0.3\libtiff\tif_swab.c" />
    <ClCompile Include="..\..\Input Libs\tiff-4.0.3\libtiff\tif_thunder.c" />
    <ClCompile Include="..\..\Input Libs\tiff-4.0.3\libtiff\tif_tile.c" />
    <ClCompile Include="..\..\Input Libs\tiff-4.0.3\libtiff\tif_unix.c" />
    <ClCompile Include="..\..\Input Libs\tiff-4.0.3\libtiff\tif_version.c" />
    <ClCompile Include="..\..\Input Libs\tiff-4.0.3\libtiff\tif_warning.c" />
    <ClCompile Include="..\..\Input Libs\tiff-4.0.3\libtiff\tif_win32.c" />
    <ClCompile Include="..\..\Input Libs\tiff-4.0.3\libtiff\tif_write.c" />
    <ClCompile Include="..\..\Input Libs\tiff-4.0.3\libtiff\tif_zip.c" />
    <ClCompile Include="..\..\Input Libs\tiff-4.0.3\libtiff\tif_stream.cxx" />
  </ItemGroup>
  <ItemGroup>
    <ClInclude Include="..\..\Input Libs\tiff-4.0.3\libtiff\t4.h" />
    <ClInclude Include="..\..\Input Libs\tiff-4.0.3\libtiff\tif_config.vc.h" />
    <ClInclude Include="..\..\Input Libs\tiff-4.0.3\libtiff\tif_config.wince.h" />
    <ClInclude Include="..\..\Input Libs\tiff-4.0.3\libtiff\tif_dir.h" />
    <ClInclude Include="..\..\Input Libs\tiff-4.0.3\libtiff\tif_fax3.h" />
    <ClInclude Include="..\..\Input Libs\tiff-4.0.3\libtiff\tif_predict.h" />
    <ClInclude Include="..\..\Input Libs\tiff-4.0.3\libtiff\tiff.h" />
    <ClInclude Include="..\..\Input Libs\tiff-4.0.3\libtiff\tiffconf.vc.h" />
    <ClInclude Include="..\..\Input Libs\tiff-4.0.3\libtiff\tiffconf.wince.h" />
    <ClInclude Include="..\..\Input Libs\tiff-4.0.3\libtiff\tiffio.h" />
    <ClInclude Include="..\..\Input Libs\tiff-4.0.3\libtiff\tiffio.hxx" />
    <ClInclude Include="..\..\Input Libs\tiff-4.0.3\libtiff\tiffiop.h" />
    <ClInclude Include="..\..\Input Libs\tiff-4.0.3\libtiff\tiffvers.h" />
    <ClInclude Include="..\..\Input Libs\tiff-4.0.3\libtiff\uvcode.h" />
    <ClInclude Include="..\..\Input Libs\tiff-4.0.3\libtiff\tif_config.h" />
  </ItemGroup>
</Project>