
Microsoft Visual Studio Solution File, Format Version 10.00
# Visual C++ Express 2008
Project("{8BC9CEB8-8B4A-11D0-8D11-00A0C91BC942}") = "IL", "..\..\src-IL\msvc9\IL.vcproj", "{B46B180B-6079-4CE6-8647-A7D712774255}"
	ProjectSection(ProjectDependencies) = postProject
		{F3DED308-7A6F-4B9F-8EDF-AF99DEC8BDE3} = {F3DED308-7A6F-4B9F-8EDF-AF99DEC8BDE3}
		{0008960E-E0DD-41A6-8265-00B31DDB4C21} = {0008960E-E0DD-41A6-8265-00B31DDB4C21}
		{F99F7B19-47A6-4677-94F2-93C12CF1FB97} = {F99F7B19-47A6-4677-94F2-93C12CF1FB97}
		{C46B9A53-86D8-4B7F-AB15-B2C04518A195} = {C46B9A53-86D8-4B7F-AB15-B2C04518A195}
		{86B35658-263C-44C9-9286-D094450F1A5C} = {86B35658-263C-44C9-9286-D094450F1A5C}
		{71DEDE59-3F1E-486B-A899-4283000F76B5} = {71DEDE59-3F1E-486B-A899-4283000F76B5}
		{2C968966-5BFA-4BFC-869C-26BFBB4C4E2C} = {2C968966-5BFA-4BFC-869C-26BFBB4C4E2C}
		{39E34F88-DD2E-4A1C-96B7-624EA55FC1D7} = {39E34F88-DD2E-4A1C-96B7-624EA55FC1D7}
		{825F34EA-480B-451B-894F-37F75C3F68BE} = {825F34EA-480B-451B-894F-37F75C3F68BE}
		{B0A71BF8-F4ED-4393-8C28-9FD334AB125E} = {B0A71BF8-F4ED-4393-8C28-9FD334AB125E}
	EndProjectSection
EndProject
Project("{8BC9CEB8-8B4A-11D0-8D11-00A0C91BC942}") = "ILU", "..\..\src-ILU\msvc9\ILU.vcproj", "{CCEBAA77-521A-4CC3-A4E0-C6B062FC2009}"
	ProjectSection(ProjectDependencies) = postProject
		{B46B180B-6079-4CE6-8647-A7D712774255} = {B46B180B-6079-4CE6-8647-A7D712774255}
	EndProjectSection
EndProject
Project("{8BC9CEB8-8B4A-11D0-8D11-00A0C91BC942}") = "ILUT", "..\..\src-ILUT\msvc9\ILUT.vcproj", "{7D060DA4-F2FA-44CC-80BE-065024DD6CA9}"
	ProjectSection(ProjectDependencies) = postProject
		{B46B180B-6079-4CE6-8647-A7D712774255} = {B46B180B-6079-4CE6-8647-A7D712774255}
		{CCEBAA77-521A-4CC3-A4E0-C6B062FC2009} = {CCEBAA77-521A-4CC3-A4E0-C6B062FC2009}
	EndProjectSection
EndProject
Project("{2150E333-8FDC-42A3-9474-1A3956D46DE8}") = "Solution Text Files", "Solution Text Files", "{8613D7AA-0767-4567-87E5-E84C82F2FC93}"
	ProjectSection(SolutionItems) = preProject
		..\..\AUTHORS = ..\..\AUTHORS
		..\..\ChangeLog = ..\..\ChangeLog
		..\..\CREDITS = ..\..\CREDITS
		..\..\libraries.txt = ..\..\libraries.txt
		..\..\MSVC++.txt = ..\..\MSVC++.txt
		..\..\NEWS = ..\..\NEWS
		..\..\README.unix = ..\..\README.unix
		..\..\README.win = ..\..\README.win
		..\..\TODO = ..\..\TODO
	EndProjectSection
EndProject
Project("{8BC9CEB8-8B4A-11D0-8D11-00A0C91BC942}") = "libpng", "..\..\Input Libs\lpng151\projects\visualc71\libpng.vcproj", "{0008960E-E0DD-41A6-8265-00B31DDB4C21}"
EndProject
Project("{8BC9CEB8-8B4A-11D0-8D11-00A0C91BC942}") = "Imath", "..\..\Input Libs\ilmbase-1.0.2\vc\vc8\IlmBase\Imath\Imath.vcproj", "{39E34F88-DD2E-4A1C-96B7-624EA55FC1D7}"
	ProjectSection(ProjectDependencies) = postProject
		{C46B9A53-86D8-4B7F-AB15-B2C04518A195} = {C46B9A53-86D8-4B7F-AB15-B2C04518A195}
	EndProjectSection
EndProject
Project("{8BC9CEB8-8B4A-11D0-8D11-00A0C91BC942}") = "lcms2_static", "..\..\Input Libs\lcms2-2.1\Projects\VC2008\lcms2_static\lcms2_static.vcproj", "{71DEDE59-3F1E-486B-A899-4283000F76B5}"
EndProject
Project("{8BC9CEB8-8B4A-11D0-8D11-00A0C91BC942}") = "Iex", "..\..\Input Libs\ilmbase-1.0.2\vc\vc8\IlmBase\Iex\Iex.vcproj", "{C46B9A53-86D8-4B7F-AB15-B2C04518A195}"
EndProject
Project("{8BC9CEB8-8B4A-11D0-8D11-00A0C91BC942}") = "HDPhoto - DecodeLib", "..\..\..\HDPhoto\image\vc8projects\DecodeLib.vcproj", "{F3DED308-7A6F-4B9F-8EDF-AF99DEC8BDE3}"
EndProject
Project("{8BC9CEB8-8B4A-11D0-8D11-00A0C91BC942}") = "HDPhoto - EncodeLib", "..\..\..\HDPhoto\image\vc8projects\EncodeLib.vcproj", "{F99F7B19-47A6-4677-94F2-93C12CF1FB97}"
EndProject
Project("{8BC9CEB8-8B4A-11D0-8D11-00A0C91BC942}") = "TIFF-MSVC-bg", "..\..\Input Libs\tiff-3.9.4\MSVC-bg\MSVC-bg.vcproj", "{825F34EA-480B-451B-894F-37F75C3F68BE}"
EndProject
Project("{8BC9CEB8-8B4A-11D0-8D11-00A0C91BC942}") = "libmng", "..\..\Input Libs\libmng\contrib\msvc\win32dll\libmng.vcproj", "{B0A71BF8-F4ED-4393-8C28-9FD334AB125E}"
	ProjectSection(ProjectDependencies) = postProject
		{86B35658-263C-44C9-9286-D094450F1A5C} = {86B35658-263C-44C9-9286-D094450F1A5C}
	EndProjectSection
EndProject
Project("{8BC9CEB8-8B4A-11D0-8D11-00A0C91BC942}") = "jpeg-8c-MSVC-bg", "..\..\Input Libs\jpeg-8c\jpeg-8c-MSVC-bg\jpeg-8c-MSVC-bg.vcproj", "{86B35658-263C-44C9-9286-D094450F1A5C}"
EndProject
Project("{8BC9CEB8-8B4A-11D0-8D11-00A0C91BC942}") = "libjasper", "..\..\Input Libs\jasper-1.900.1\src\msvc\libjasper.vcproj", "{2C968966-5BFA-4BFC-869C-26BFBB4C4E2C}"
EndProject
Global
	GlobalSection(SolutionConfigurationPlatforms) = preSolution
		Debug|Win32 = Debug|Win32
		Debug|x64 = Debug|x64
		DLL Debug|Win32 = DLL Debug|Win32
		DLL Debug|x64 = DLL Debug|x64
		DLL Release|Win32 = DLL Release|Win32
		DLL Release|x64 = DLL Release|x64
		DLL VB|Win32 = DLL VB|Win32
		DLL VB|x64 = DLL VB|x64
		Dynamic|Win32 = Dynamic|Win32
		Dynamic|x64 = Dynamic|x64
		LIB Debug|Win32 = LIB Debug|Win32
		LIB Debug|x64 = LIB Debug|x64
		LIB Release|Win32 = LIB Release|Win32
		LIB Release|x64 = LIB Release|x64
		Release|Win32 = Release|Win32
		Release|x64 = Release|x64
		Streaming Debug|Win32 = Streaming Debug|Win32
		Streaming Debug|x64 = Streaming Debug|x64
		Streaming Release|Win32 = Streaming Release|Win32
		Streaming Release|x64 = Streaming Release|x64
	EndGlobalSection
	GlobalSection(ProjectConfigurationPlatforms) = postSolution
		{B46B180B-6079-4CE6-8647-A7D712774255}.Debug|Win32.ActiveCfg = Debug|Win32
		{B46B180B-6079-4CE6-8647-A7D712774255}.Debug|Win32.Build.0 = Debug|Win32
		{B46B180B-6079-4CE6-8647-A7D712774255}.Debug|x64.ActiveCfg = Debug|Win32
		{B46B180B-6079-4CE6-8647-A7D712774255}.DLL Debug|Win32.ActiveCfg = Debug|Win32
		{B46B180B-6079-4CE6-8647-A7D712774255}.DLL Debug|Win32.Build.0 = Debug|Win32
		{B46B180B-6079-4CE6-8647-A7D712774255}.DLL Debug|x64.ActiveCfg = Debug|Win32
		{B46B180B-6079-4CE6-8647-A7D712774255}.DLL Release|Win32.ActiveCfg = Release|Win32
		{B46B180B-6079-4CE6-8647-A7D712774255}.DLL Release|Win32.Build.0 = Release|Win32
		{B46B180B-6079-4CE6-8647-A7D712774255}.DLL Release|x64.ActiveCfg = Release|Win32
		{B46B180B-6079-4CE6-8647-A7D712774255}.DLL Release|x64.Build.0 = Release|Win32
		{B46B180B-6079-4CE6-8647-A7D712774255}.DLL VB|Win32.ActiveCfg = Debug|Win32
		{B46B180B-6079-4CE6-8647-A7D712774255}.DLL VB|Win32.Build.0 = Debug|Win32
		{B46B180B-6079-4CE6-8647-A7D712774255}.DLL VB|x64.ActiveCfg = Debug|Win32
		{B46B180B-6079-4CE6-8647-A7D712774255}.Dynamic|Win32.ActiveCfg = Debug|Win32
		{B46B180B-6079-4CE6-8647-A7D712774255}.Dynamic|Win32.Build.0 = Debug|Win32
		{B46B180B-6079-4CE6-8647-A7D712774255}.Dynamic|x64.ActiveCfg = Debug|Win32
		{B46B180B-6079-4CE6-8647-A7D712774255}.LIB Debug|Win32.ActiveCfg = Debug|Win32
		{B46B180B-6079-4CE6-8647-A7D712774255}.LIB Debug|Win32.Build.0 = Debug|Win32
		{B46B180B-6079-4CE6-8647-A7D712774255}.LIB Debug|x64.ActiveCfg = Debug|Win32
		{B46B180B-6079-4CE6-8647-A7D712774255}.LIB Release|Win32.ActiveCfg = Release|Win32
		{B46B180B-6079-4CE6-8647-A7D712774255}.LIB Release|Win32.Build.0 = Release|Win32
		{B46B180B-6079-4CE6-8647-A7D712774255}.LIB Release|x64.ActiveCfg = Release|Win32
		{B46B180B-6079-4CE6-8647-A7D712774255}.Release|Win32.ActiveCfg = Release|Win32
		{B46B180B-6079-4CE6-8647-A7D712774255}.Release|Win32.Build.0 = Release|Win32
		{B46B180B-6079-4CE6-8647-A7D712774255}.Release|x64.ActiveCfg = Release|Win32
		{B46B180B-6079-4CE6-8647-A7D712774255}.Streaming Debug|Win32.ActiveCfg = Debug|Win32
		{B46B180B-6079-4CE6-8647-A7D712774255}.Streaming Debug|Win32.Build.0 = Debug|Win32
		{B46B180B-6079-4CE6-8647-A7D712774255}.Streaming Debug|x64.ActiveCfg = Debug|Win32
		{B46B180B-6079-4CE6-8647-A7D712774255}.Streaming Release|Win32.ActiveCfg = Release|Win32
		{B46B180B-6079-4CE6-8647-A7D712774255}.Streaming Release|Win32.Build.0 = Release|Win32
		{B46B180B-6079-4CE6-8647-A7D712774255}.Streaming Release|x64.ActiveCfg = Release|Win32
		{CCEBAA77-521A-4CC3-A4E0-C6B062FC2009}.Debug|Win32.ActiveCfg = Debug|Win32
		{CCEBAA77-521A-4CC3-A4E0-C6B062FC2009}.Debug|Win32.Build.0 = Debug|Win32
		{CCEBAA77-521A-4CC3-A4E0-C6B062FC2009}.Debug|x64.ActiveCfg = Debug|x64
		{CCEBAA77-521A-4CC3-A4E0-C6B062FC2009}.Debug|x64.Build.0 = Debug|x64
		{CCEBAA77-521A-4CC3-A4E0-C6B062FC2009}.DLL Debug|Win32.ActiveCfg = Debug|Win32
		{CCEBAA77-521A-4CC3-A4E0-C6B062FC2009}.DLL Debug|Win32.Build.0 = Debug|Win32
		{CCEBAA77-521A-4CC3-A4E0-C6B062FC2009}.DLL Debug|x64.ActiveCfg = Debug|x64
		{CCEBAA77-521A-4CC3-A4E0-C6B062FC2009}.DLL Debug|x64.Build.0 = Debug|x64
		{CCEBAA77-521A-4CC3-A4E0-C6B062FC2009}.DLL Release|Win32.ActiveCfg = Release|Win32
		{CCEBAA77-521A-4CC3-A4E0-C6B062FC2009}.DLL Release|Win32.Build.0 = Release|Win32
		{CCEBAA77-521A-4CC3-A4E0-C6B062FC2009}.DLL Release|x64.ActiveCfg = Release|Win32
		{CCEBAA77-521A-4CC3-A4E0-C6B062FC2009}.DLL Release|x64.Build.0 = Release|Win32
		{CCEBAA77-521A-4CC3-A4E0-C6B062FC2009}.DLL VB|Win32.ActiveCfg = Debug|x64
		{CCEBAA77-521A-4CC3-A4E0-C6B062FC2009}.DLL VB|x64.ActiveCfg = Debug|x64
		{CCEBAA77-521A-4CC3-A4E0-C6B062FC2009}.DLL VB|x64.Build.0 = Debug|x64
		{CCEBAA77-521A-4CC3-A4E0-C6B062FC2009}.Dynamic|Win32.ActiveCfg = Debug|Win32
		{CCEBAA77-521A-4CC3-A4E0-C6B062FC2009}.Dynamic|Win32.Build.0 = Debug|Win32
		{CCEBAA77-521A-4CC3-A4E0-C6B062FC2009}.Dynamic|x64.ActiveCfg = Debug|x64
		{CCEBAA77-521A-4CC3-A4E0-C6B062FC2009}.Dynamic|x64.Build.0 = Debug|x64
		{CCEBAA77-521A-4CC3-A4E0-C6B062FC2009}.LIB Debug|Win32.ActiveCfg = Debug|Win32
		{CCEBAA77-521A-4CC3-A4E0-C6B062FC2009}.LIB Debug|Win32.Build.0 = Debug|Win32
		{CCEBAA77-521A-4CC3-A4E0-C6B062FC2009}.LIB Debug|x64.ActiveCfg = Debug|x64
		{CCEBAA77-521A-4CC3-A4E0-C6B062FC2009}.LIB Debug|x64.Build.0 = Debug|x64
		{CCEBAA77-521A-4CC3-A4E0-C6B062FC2009}.LIB Release|Win32.ActiveCfg = Release|Win32
		{CCEBAA77-521A-4CC3-A4E0-C6B062FC2009}.LIB Release|Win32.Build.0 = Release|Win32
		{CCEBAA77-521A-4CC3-A4E0-C6B062FC2009}.LIB Release|x64.ActiveCfg = Release|x64
		{CCEBAA77-521A-4CC3-A4E0-C6B062FC2009}.LIB Release|x64.Build.0 = Release|x64
		{CCEBAA77-521A-4CC3-A4E0-C6B062FC2009}.Release|Win32.ActiveCfg = Release|Win32
		{CCEBAA77-521A-4CC3-A4E0-C6B062FC2009}.Release|Win32.Build.0 = Release|Win32
		{CCEBAA77-521A-4CC3-A4E0-C6B062FC2009}.Release|x64.ActiveCfg = Release|x64
		{CCEBAA77-521A-4CC3-A4E0-C6B062FC2009}.Release|x64.Build.0 = Release|x64
		{CCEBAA77-521A-4CC3-A4E0-C6B062FC2009}.Streaming Debug|Win32.ActiveCfg = Debug|Win32
		{CCEBAA77-521A-4CC3-A4E0-C6B062FC2009}.Streaming Debug|Win32.Build.0 = Debug|Win32
		{CCEBAA77-521A-4CC3-A4E0-C6B062FC2009}.Streaming Debug|x64.ActiveCfg = Debug|x64
		{CCEBAA77-521A-4CC3-A4E0-C6B062FC2009}.Streaming Debug|x64.Build.0 = Debug|x64
		{CCEBAA77-521A-4CC3-A4E0-C6B062FC2009}.Streaming Release|Win32.ActiveCfg = Release|Win32
		{CCEBAA77-521A-4CC3-A4E0-C6B062FC2009}.Streaming Release|Win32.Build.0 = Release|Win32
		{CCEBAA77-521A-4CC3-A4E0-C6B062FC2009}.Streaming Release|x64.ActiveCfg = Release|x64
		{CCEBAA77-521A-4CC3-A4E0-C6B062FC2009}.Streaming Release|x64.Build.0 = Release|x64
		{7D060DA4-F2FA-44CC-80BE-065024DD6CA9}.Debug|Win32.ActiveCfg = Debug|Win32
		{7D060DA4-F2FA-44CC-80BE-065024DD6CA9}.Debug|Win32.Build.0 = Debug|Win32
		{7D060DA4-F2FA-44CC-80BE-065024DD6CA9}.Debug|x64.ActiveCfg = Debug|x64
		{7D060DA4-F2FA-44CC-80BE-065024DD6CA9}.Debug|x64.Build.0 = Debug|x64
		{7D060DA4-F2FA-44CC-80BE-065024DD6CA9}.DLL Debug|Win32.ActiveCfg = Debug|Win32
		{7D060DA4-F2FA-44CC-80BE-065024DD6CA9}.DLL Debug|Win32.Build.0 = Debug|Win32
		{7D060DA4-F2FA-44CC-80BE-065024DD6CA9}.DLL Debug|x64.ActiveCfg = Debug|x64
		{7D060DA4-F2FA-44CC-80BE-065024DD6CA9}.DLL Debug|x64.Build.0 = Debug|x64
		{7D060DA4-F2FA-44CC-80BE-065024DD6CA9}.DLL Release|Win32.ActiveCfg = Release|Win32
		{7D060DA4-F2FA-44CC-80BE-065024DD6CA9}.DLL Release|Win32.Build.0 = Release|Win32
		{7D060DA4-F2FA-44CC-80BE-065024DD6CA9}.DLL Release|x64.ActiveCfg = Release|Win32
		{7D060DA4-F2FA-44CC-80BE-065024DD6CA9}.DLL Release|x64.Build.0 = Release|Win32
		{7D060DA4-F2FA-44CC-80BE-065024DD6CA9}.DLL VB|Win32.ActiveCfg = Debug|x64
		{7D060DA4-F2FA-44CC-80BE-065024DD6CA9}.DLL VB|x64.ActiveCfg = Debug|x64
		{7D060DA4-F2FA-44CC-80BE-065024DD6CA9}.DLL VB|x64.Build.0 = Debug|x64
		{7D060DA4-F2FA-44CC-80BE-065024DD6CA9}.Dynamic|Win32.ActiveCfg = Debug|Win32
		{7D060DA4-F2FA-44CC-80BE-065024DD6CA9}.Dynamic|Win32.Build.0 = Debug|Win32
		{7D060DA4-F2FA-44CC-80BE-065024DD6CA9}.Dynamic|x64.ActiveCfg = Debug|x64
		{7D060DA4-F2FA-44CC-80BE-065024DD6CA9}.Dynamic|x64.Build.0 = Debug|x64
		{7D060DA4-F2FA-44CC-80BE-065024DD6CA9}.LIB Debug|Win32.ActiveCfg = Debug|Win32
		{7D060DA4-F2FA-44CC-80BE-065024DD6CA9}.LIB Debug|Win32.Build.0 = Debug|Win32
		{7D060DA4-F2FA-44CC-80BE-065024DD6CA9}.LIB Debug|x64.ActiveCfg = Debug|x64
		{7D060DA4-F2FA-44CC-80BE-065024DD6CA9}.LIB Debug|x64.Build.0 = Debug|x64
		{7D060DA4-F2FA-44CC-80BE-065024DD6CA9}.LIB Release|Win32.ActiveCfg = Release|Win32
		{7D060DA4-F2FA-44CC-80BE-065024DD6CA9}.LIB Release|Win32.Build.0 = Release|Win32
		{7D060DA4-F2FA-44CC-80BE-065024DD6CA9}.LIB Release|x64.ActiveCfg = Release|x64
		{7D060DA4-F2FA-44CC-80BE-065024DD6CA9}.LIB Release|x64.Build.0 = Release|x64
		{7D060DA4-F2FA-44CC-80BE-065024DD6CA9}.Release|Win32.ActiveCfg = Release|Win32
		{7D060DA4-F2FA-44CC-80BE-065024DD6CA9}.Release|Win32.Build.0 = Release|Win32
		{7D060DA4-F2FA-44CC-80BE-065024DD6CA9}.Release|x64.ActiveCfg = Release|x64
		{7D060DA4-F2FA-44CC-80BE-065024DD6CA9}.Release|x64.Build.0 = Release|x64
		{7D060DA4-F2FA-44CC-80BE-065024DD6CA9}.Streaming Debug|Win32.ActiveCfg = Debug|Win32
		{7D060DA4-F2FA-44CC-80BE-065024DD6CA9}.Streaming Debug|Win32.Build.0 = Debug|Win32
		{7D060DA4-F2FA-44CC-80BE-065024DD6CA9}.Streaming Debug|x64.ActiveCfg = Debug|x64
		{7D060DA4-F2FA-44CC-80BE-065024DD6CA9}.Streaming Debug|x64.Build.0 = Debug|x64
		{7D060DA4-F2FA-44CC-80BE-065024DD6CA9}.Streaming Release|Win32.ActiveCfg = Release|Win32
		{7D060DA4-F2FA-44CC-80BE-065024DD6CA9}.Streaming Release|Win32.Build.0 = Release|Win32
		{7D060DA4-F2FA-44CC-80BE-065024DD6CA9}.Streaming Release|x64.ActiveCfg = Release|x64
		{7D060DA4-F2FA-44CC-80BE-065024DD6CA9}.Streaming Release|x64.Build.0 = Release|x64
		{0008960E-E0DD-41A6-8265-00B31DDB4C21}.Debug|Win32.ActiveCfg = LIB Debug|Win32
		{0008960E-E0DD-41A6-8265-00B31DDB4C21}.Debug|Win32.Build.0 = LIB Debug|Win32
		{0008960E-E0DD-41A6-8265-00B31DDB4C21}.Debug|x64.ActiveCfg = DLL VB|Win32
		{0008960E-E0DD-41A6-8265-00B31DDB4C21}.DLL Debug|Win32.ActiveCfg = LIB Debug|Win32
		{0008960E-E0DD-41A6-8265-00B31DDB4C21}.DLL Debug|Win32.Build.0 = LIB Debug|Win32
		{0008960E-E0DD-41A6-8265-00B31DDB4C21}.DLL Debug|x64.ActiveCfg = DLL Debug|Win32
		{0008960E-E0DD-41A6-8265-00B31DDB4C21}.DLL Release|Win32.ActiveCfg = LIB Release|Win32
		{0008960E-E0DD-41A6-8265-00B31DDB4C21}.DLL Release|Win32.Build.0 = LIB Release|Win32
		{0008960E-E0DD-41A6-8265-00B31DDB4C21}.DLL Release|x64.ActiveCfg = DLL Release|Win32
		{0008960E-E0DD-41A6-8265-00B31DDB4C21}.DLL Release|x64.Build.0 = DLL Release|Win32
		{0008960E-E0DD-41A6-8265-00B31DDB4C21}.DLL VB|Win32.ActiveCfg = DLL VB|Win32
		{0008960E-E0DD-41A6-8265-00B31DDB4C21}.DLL VB|Win32.Build.0 = DLL VB|Win32
		{0008960E-E0DD-41A6-8265-00B31DDB4C21}.DLL VB|x64.ActiveCfg = DLL VB|Win32
		{0008960E-E0DD-41A6-8265-00B31DDB4C21}.Dynamic|Win32.ActiveCfg = DLL VB|Win32
		{0008960E-E0DD-41A6-8265-00B31DDB4C21}.Dynamic|Win32.Build.0 = DLL VB|Win32
		{0008960E-E0DD-41A6-8265-00B31DDB4C21}.Dynamic|x64.ActiveCfg = DLL VB|Win32
		{0008960E-E0DD-41A6-8265-00B31DDB4C21}.LIB Debug|Win32.ActiveCfg = LIB Debug|Win32
		{0008960E-E0DD-41A6-8265-00B31DDB4C21}.LIB Debug|Win32.Build.0 = LIB Debug|Win32
		{0008960E-E0DD-41A6-8265-00B31DDB4C21}.LIB Debug|x64.ActiveCfg = LIB Debug|Win32
		{0008960E-E0DD-41A6-8265-00B31DDB4C21}.LIB Release|Win32.ActiveCfg = LIB Release|Win32
		{0008960E-E0DD-41A6-8265-00B31DDB4C21}.LIB Release|Win32.Build.0 = LIB Release|Win32
		{0008960E-E0DD-41A6-8265-00B31DDB4C21}.LIB Release|x64.ActiveCfg = LIB Release|Win32
		{0008960E-E0DD-41A6-8265-00B31DDB4C21}.Release|Win32.ActiveCfg = LIB Release|Win32
		{0008960E-E0DD-41A6-8265-00B31DDB4C21}.Release|Win32.Build.0 = LIB Release|Win32
		{0008960E-E0DD-41A6-8265-00B31DDB4C21}.Release|x64.ActiveCfg = LIB Debug|Win32
		{0008960E-E0DD-41A6-8265-00B31DDB4C21}.Streaming Debug|Win32.ActiveCfg = LIB Debug|Win32
		{0008960E-E0DD-41A6-8265-00B31DDB4C21}.Streaming Debug|Win32.Build.0 = LIB Debug|Win32
		{0008960E-E0DD-41A6-8265-00B31DDB4C21}.Streaming Debug|x64.ActiveCfg = LIB Debug|Win32
		{0008960E-E0DD-41A6-8265-00B31DDB4C21}.Streaming Release|Win32.ActiveCfg = LIB Debug|Win32
		{0008960E-E0DD-41A6-8265-00B31DDB4C21}.Streaming Release|Win32.Build.0 = LIB Debug|Win32
		{0008960E-E0DD-41A6-8265-00B31DDB4C21}.Streaming Release|x64.ActiveCfg = LIB Debug|Win32
		{39E34F88-DD2E-4A1C-96B7-624EA55FC1D7}.Debug|Win32.ActiveCfg = Debug|Win32
		{39E34F88-DD2E-4A1C-96B7-624EA55FC1D7}.Debug|Win32.Build.0 = Debug|Win32
		{39E34F88-DD2E-4A1C-96B7-624EA55FC1D7}.Debug|x64.ActiveCfg = Debug|Win32
		{39E34F88-DD2E-4A1C-96B7-624EA55FC1D7}.DLL Debug|Win32.ActiveCfg = Debug|Win32
		{39E34F88-DD2E-4A1C-96B7-624EA55FC1D7}.DLL Debug|Win32.Build.0 = Debug|Win32
		{39E34F88-DD2E-4A1C-96B7-624EA55FC1D7}.DLL Debug|x64.ActiveCfg = Debug|Win32
		{39E34F88-DD2E-4A1C-96B7-624EA55FC1D7}.DLL Release|Win32.ActiveCfg = Release|Win32
		{39E34F88-DD2E-4A1C-96B7-624EA55FC1D7}.DLL Release|Win32.Build.0 = Release|Win32
		{39E34F88-DD2E-4A1C-96B7-624EA55FC1D7}.DLL Release|x64.ActiveCfg = Release|Win32
		{39E34F88-DD2E-4A1C-96B7-624EA55FC1D7}.DLL Release|x64.Build.0 = Release|Win32
		{39E34F88-DD2E-4A1C-96B7-624EA55FC1D7}.DLL VB|Win32.ActiveCfg = Debug|Win32
		{39E34F88-DD2E-4A1C-96B7-624EA55FC1D7}.DLL VB|Win32.Build.0 = Debug|Win32
		{39E34F88-DD2E-4A1C-96B7-624EA55FC1D7}.DLL VB|x64.ActiveCfg = Debug|Win32
		{39E34F88-DD2E-4A1C-96B7-624EA55FC1D7}.Dynamic|Win32.ActiveCfg = Debug|Win32
		{39E34F88-DD2E-4A1C-96B7-624EA55FC1D7}.Dynamic|Win32.Build.0 = Debug|Win32
		{39E34F88-DD2E-4A1C-96B7-624EA55FC1D7}.Dynamic|x64.ActiveCfg = Debug|Win32
		{39E34F88-DD2E-4A1C-96B7-624EA55FC1D7}.LIB Debug|Win32.ActiveCfg = Debug|Win32
		{39E34F88-DD2E-4A1C-96B7-624EA55FC1D7}.LIB Debug|Win32.Build.0 = Debug|Win32
		{39E34F88-DD2E-4A1C-96B7-624EA55FC1D7}.LIB Debug|x64.ActiveCfg = Debug|Win32
		{39E34F88-DD2E-4A1C-96B7-624EA55FC1D7}.LIB Release|Win32.ActiveCfg = Release|Win32
		{39E34F88-DD2E-4A1C-96B7-624EA55FC1D7}.LIB Release|Win32.Build.0 = Release|Win32
		{39E34F88-DD2E-4A1C-96B7-624EA55FC1D7}.LIB Release|x64.ActiveCfg = Release|Win32
		{39E34F88-DD2E-4A1C-96B7-624EA55FC1D7}.Release|Win32.ActiveCfg = Release|Win32
		{39E34F88-DD2E-4A1C-96B7-624EA55FC1D7}.Release|Win32.Build.0 = Release|Win32
		{39E34F88-DD2E-4A1C-96B7-624EA55FC1D7}.Release|x64.ActiveCfg = Release|Win32
		{39E34F88-DD2E-4A1C-96B7-624EA55FC1D7}.Streaming Debug|Win32.ActiveCfg = Debug|Win32
		{39E34F88-DD2E-4A1C-96B7-624EA55FC1D7}.Streaming Debug|Win32.Build.0 = Debug|Win32
		{39E34F88-DD2E-4A1C-96B7-624EA55FC1D7}.Streaming Debug|x64.ActiveCfg = Debug|Win32
		{39E34F88-DD2E-4A1C-96B7-624EA55FC1D7}.Streaming Release|Win32.ActiveCfg = Release|Win32
		{39E34F88-DD2E-4A1C-96B7-624EA55FC1D7}.Streaming Release|Win32.Build.0 = Release|Win32
		{39E34F88-DD2E-4A1C-96B7-624EA55FC1D7}.Streaming Release|x64.ActiveCfg = Release|Win32
		{71DEDE59-3F1E-486B-A899-4283000F76B5}.Debug|Win32.ActiveCfg = Debug|Win32
		{71DEDE59-3F1E-486B-A899-4283000F76B5}.Debug|Win32.Build.0 = Debug|Win32
		{71DEDE59-3F1E-486B-A899-4283000F76B5}.Debug|x64.ActiveCfg = Debug|Win32
		{71DEDE59-3F1E-486B-A899-4283000F76B5}.DLL Debug|Win32.ActiveCfg = Debug|Win32
		{71DEDE59-3F1E-486B-A899-4283000F76B5}.DLL Debug|Win32.Build.0 = Debug|Win32
		{71DEDE59-3F1E-486B-A899-4283000F76B5}.DLL Debug|x64.ActiveCfg = Debug|Win32
		{71DEDE59-3F1E-486B-A899-4283000F76B5}.DLL Release|Win32.ActiveCfg = Release|Win32
		{71DEDE59-3F1E-486B-A899-4283000F76B5}.DLL Release|Win32.Build.0 = Release|Win32
		{71DEDE59-3F1E-486B-A899-4283000F76B5}.DLL Release|x64.ActiveCfg = Release|Win32
		{71DEDE59-3F1E-486B-A899-4283000F76B5}.DLL Release|x64.Build.0 = Release|Win32
		{71DEDE59-3F1E-486B-A899-4283000F76B5}.DLL VB|Win32.ActiveCfg = Debug|Win32
		{71DEDE59-3F1E-486B-A899-4283000F76B5}.DLL VB|Win32.Build.0 = Debug|Win32
		{71DEDE59-3F1E-486B-A899-4283000F76B5}.DLL VB|x64.ActiveCfg = Debug|Win32
		{71DEDE59-3F1E-486B-A899-4283000F76B5}.Dynamic|Win32.ActiveCfg = Debug|Win32
		{71DEDE59-3F1E-486B-A899-4283000F76B5}.Dynamic|Win32.Build.0 = Debug|Win32
		{71DEDE59-3F1E-486B-A899-4283000F76B5}.Dynamic|x64.ActiveCfg = Debug|Win32
		{71DEDE59-3F1E-486B-A899-4283000F76B5}.LIB Debug|Win32.ActiveCfg = Debug|Win32
		{71DEDE59-3F1E-486B-A899-4283000F76B5}.LIB Debug|Win32.Build.0 = Debug|Win32
		{71DEDE59-3F1E-486B-A899-4283000F76B5}.LIB Debug|x64.ActiveCfg = Debug|Win32
		{71DEDE59-3F1E-486B-A899-4283000F76B5}.LIB Release|Win32.ActiveCfg = Release|Win32
		{71DEDE59-3F1E-486B-A899-4283000F76B5}.LIB Release|Win32.Build.0 = Release|Win32
		{71DEDE59-3F1E-486B-A899-4283000F76B5}.LIB Release|x64.ActiveCfg = Release|Win32
		{71DEDE59-3F1E-486B-A899-4283000F76B5}.Release|Win32.ActiveCfg = Release|Win32
		{71DEDE59-3F1E-486B-A899-4283000F76B5}.Release|Win32.Build.0 = Release|Win32
		{71DEDE59-3F1E-486B-A899-4283000F76B5}.Release|x64.ActiveCfg = Release|Win32
		{71DEDE59-3F1E-486B-A899-4283000F76B5}.Streaming Debug|Win32.ActiveCfg = Debug|Win32
		{71DEDE59-3F1E-486B-A899-4283000F76B5}.Streaming Debug|Win32.Build.0 = Debug|Win32
		{71DEDE59-3F1E-486B-A899-4283000F76B5}.Streaming Debug|x64.ActiveCfg = Debug|Win32
		{71DEDE59-3F1E-486B-A899-4283000F76B5}.Streaming Release|Win32.ActiveCfg = Release|Win32
		{71DEDE59-3F1E-486B-A899-4283000F76B5}.Streaming Release|Win32.Build.0 = Release|Win32
		{71DEDE59-3F1E-486B-A899-4283000F76B5}.Streaming Release|x64.ActiveCfg = Release|Win32
		{C46B9A53-86D8-4B7F-AB15-B2C04518A195}.Debug|Win32.ActiveCfg = Debug|Win32
		{C46B9A53-86D8-4B7F-AB15-B2C04518A195}.Debug|Win32.Build.0 = Debug|Win32
		{C46B9A53-86D8-4B7F-AB15-B2C04518A195}.Debug|x64.ActiveCfg = Debug|Win32
		{C46B9A53-86D8-4B7F-AB15-B2C04518A195}.DLL Debug|Win32.ActiveCfg = Debug|Win32
		{C46B9A53-86D8-4B7F-AB15-B2C04518A195}.DLL Debug|Win32.Build.0 = Debug|Win32
		{C46B9A53-86D8-4B7F-AB15-B2C04518A195}.DLL Debug|x64.ActiveCfg = Debug|Win32
		{C46B9A53-86D8-4B7F-AB15-B2C04518A195}.DLL Release|Win32.ActiveCfg = Release|Win32
		{C46B9A53-86D8-4B7F-AB15-B2C04518A195}.DLL Release|Win32.Build.0 = Release|Win32
		{C46B9A53-86D8-4B7F-AB15-B2C04518A195}.DLL Release|x64.ActiveCfg = Release|Win32
		{C46B9A53-86D8-4B7F-AB15-B2C04518A195}.DLL Release|x64.Build.0 = Release|Win32
		{C46B9A53-86D8-4B7F-AB15-B2C04518A195}.DLL VB|Win32.ActiveCfg = Debug|Win32
		{C46B9A53-86D8-4B7F-AB15-B2C04518A195}.DLL VB|Win32.Build.0 = Debug|Win32
		{C46B9A53-86D8-4B7F-AB15-B2C04518A195}.DLL VB|x64.ActiveCfg = Debug|Win32
		{C46B9A53-86D8-4B7F-AB15-B2C04518A195}.Dynamic|Win32.ActiveCfg = Debug|Win32
		{C46B9A53-86D8-4B7F-AB15-B2C04518A195}.Dynamic|Win32.Build.0 = Debug|Win32
		{C46B9A53-86D8-4B7F-AB15-B2C04518A195}.Dynamic|x64.ActiveCfg = Debug|Win32
		{C46B9A53-86D8-4B7F-AB15-B2C04518A195}.LIB Debug|Win32.ActiveCfg = Debug|Win32
		{C46B9A53-86D8-4B7F-AB15-B2C04518A195}.LIB Debug|Win32.Build.0 = Debug|Win32
		{C46B9A53-86D8-4B7F-AB15-B2C04518A195}.LIB Debug|x64.ActiveCfg = Debug|Win32
		{C46B9A53-86D8-4B7F-AB15-B2C04518A195}.LIB Release|Win32.ActiveCfg = Release|Win32
		{C46B9A53-86D8-4B7F-AB15-B2C04518A195}.LIB Release|Win32.Build.0 = Release|Win32
		{C46B9A53-86D8-4B7F-AB15-B2C04518A195}.LIB Release|x64.ActiveCfg = Release|Win32
		{C46B9A53-86D8-4B7F-AB15-B2C04518A195}.Release|Win32.ActiveCfg = Release|Win32
		{C46B9A53-86D8-4B7F-AB15-B2C04518A195}.Release|Win32.Build.0 = Release|Win32
		{C46B9A53-86D8-4B7F-AB15-B2C04518A195}.Release|x64.ActiveCfg = Release|Win32
		{C46B9A53-86D8-4B7F-AB15-B2C04518A195}.Streaming Debug|Win32.ActiveCfg = Debug|Win32
		{C46B9A53-86D8-4B7F-AB15-B2C04518A195}.Streaming Debug|Win32.Build.0 = Debug|Win32
		{C46B9A53-86D8-4B7F-AB15-B2C04518A195}.Streaming Debug|x64.ActiveCfg = Debug|Win32
		{C46B9A53-86D8-4B7F-AB15-B2C04518A195}.Streaming Release|Win32.ActiveCfg = Release|Win32
		{C46B9A53-86D8-4B7F-AB15-B2C04518A195}.Streaming Release|Win32.Build.0 = Release|Win32
		{C46B9A53-86D8-4B7F-AB15-B2C04518A195}.Streaming Release|x64.ActiveCfg = Release|Win32
		{F3DED308-7A6F-4B9F-8EDF-AF99DEC8BDE3}.Debug|Win32.ActiveCfg = Debug|Win32
		{F3DED308-7A6F-4B9F-8EDF-AF99DEC8BDE3}.Debug|Win32.Build.0 = Debug|Win32
		{F3DED308-7A6F-4B9F-8EDF-AF99DEC8BDE3}.Debug|x64.ActiveCfg = Debug|Win32
		{F3DED308-7A6F-4B9F-8EDF-AF99DEC8BDE3}.DLL Debug|Win32.ActiveCfg = Debug|Win32
		{F3DED308-7A6F-4B9F-8EDF-AF99DEC8BDE3}.DLL Debug|Win32.Build.0 = Debug|Win32
		{F3DED308-7A6F-4B9F-8EDF-AF99DEC8BDE3}.DLL Debug|x64.ActiveCfg = Debug|Win32
		{F3DED308-7A6F-4B9F-8EDF-AF99DEC8BDE3}.DLL Release|Win32.ActiveCfg = Release|Win32
		{F3DED308-7A6F-4B9F-8EDF-AF99DEC8BDE3}.DLL Release|Win32.Build.0 = Release|Win32
		{F3DED308-7A6F-4B9F-8EDF-AF99DEC8BDE3}.DLL Release|x64.ActiveCfg = Release|Win32
		{F3DED308-7A6F-4B9F-8EDF-AF99DEC8BDE3}.DLL Release|x64.Build.0 = Release|Win32
		{F3DED308-7A6F-4B9F-8EDF-AF99DEC8BDE3}.DLL VB|Win32.ActiveCfg = Debug|Win32
		{F3DED308-7A6F-4B9F-8EDF-AF99DEC8BDE3}.DLL VB|Win32.Build.0 = Debug|Win32
		{F3DED308-7A6F-4B9F-8EDF-AF99DEC8BDE3}.DLL VB|x64.ActiveCfg = Debug|Win32
		{F3DED308-7A6F-4B9F-8EDF-AF99DEC8BDE3}.Dynamic|Win32.ActiveCfg = Debug|Win32
		{F3DED308-7A6F-4B9F-8EDF-AF99DEC8BDE3}.Dynamic|Win32.Build.0 = Debug|Win32
		{F3DED308-7A6F-4B9F-8EDF-AF99DEC8BDE3}.Dynamic|x64.ActiveCfg = Debug|Win32
		{F3DED308-7A6F-4B9F-8EDF-AF99DEC8BDE3}.LIB Debug|Win32.ActiveCfg = Debug|Win32
		{F3DED308-7A6F-4B9F-8EDF-AF99DEC8BDE3}.LIB Debug|Win32.Build.0 = Debug|Win32
		{F3DED308-7A6F-4B9F-8EDF-AF99DEC8BDE3}.LIB Debug|x64.ActiveCfg = Debug|Win32
		{F3DED308-7A6F-4B9F-8EDF-AF99DEC8BDE3}.LIB Release|Win32.ActiveCfg = Release|Win32
		{F3DED308-7A6F-4B9F-8EDF-AF99DEC8BDE3}.LIB Release|Win32.Build.0 = Release|Win32
		{F3DED308-7A6F-4B9F-8EDF-AF99DEC8BDE3}.LIB Release|x64.ActiveCfg = Release|Win32
		{F3DED308-7A6F-4B9F-8EDF-AF99DEC8BDE3}.Release|Win32.ActiveCfg = Release|Win32
		{F3DED308-7A6F-4B9F-8EDF-AF99DEC8BDE3}.Release|Win32.Build.0 = Release|Win32
		{F3DED308-7A6F-4B9F-8EDF-AF99DEC8BDE3}.Release|x64.ActiveCfg = Release|Win32
		{F3DED308-7A6F-4B9F-8EDF-AF99DEC8BDE3}.Streaming Debug|Win32.ActiveCfg = Streaming Debug|Win32
		{F3DED308-7A6F-4B9F-8EDF-AF99DEC8BDE3}.Streaming Debug|Win32.Build.0 = Streaming Debug|Win32
		{F3DED308-7A6F-4B9F-8EDF-AF99DEC8BDE3}.Streaming Debug|x64.ActiveCfg = Streaming Debug|Win32
		{F3DED308-7A6F-4B9F-8EDF-AF99DEC8BDE3}.Streaming Release|Win32.ActiveCfg = Streaming Release|Win32
		{F3DED308-7A6F-4B9F-8EDF-AF99DEC8BDE3}.Streaming Release|Win32.Build.0 = Streaming Release|Win32
		{F3DED308-7A6F-4B9F-8EDF-AF99DEC8BDE3}.Streaming Release|x64.ActiveCfg = Streaming Release|Win32
		{F99F7B19-47A6-4677-94F2-93C12CF1FB97}.Debug|Win32.ActiveCfg = Debug|Win32
		{F99F7B19-47A6-4677-94F2-93C12CF1FB97}.Debug|Win32.Build.0 = Debug|Win32
		{F99F7B19-47A6-4677-94F2-93C12CF1FB97}.Debug|x64.ActiveCfg = Debug|Win32
		{F99F7B19-47A6-4677-94F2-93C12CF1FB97}.DLL Debug|Win32.ActiveCfg = Debug|Win32
		{F99F7B19-47A6-4677-94F2-93C12CF1FB97}.DLL Debug|Win32.Build.0 = Debug|Win32
		{F99F7B19-47A6-4677-94F2-93C12CF1FB97}.DLL Debug|x64.ActiveCfg = Debug|Win32
		{F99F7B19-47A6-4677-94F2-93C12CF1FB97}.DLL Release|Win32.ActiveCfg = Release|Win32
		{F99F7B19-47A6-4677-94F2-93C12CF1FB97}.DLL Release|Win32.Build.0 = Release|Win32
		{F99F7B19-47A6-4677-94F2-93C12CF1FB97}.DLL Release|x64.ActiveCfg = Release|Win32
		{F99F7B19-47A6-4677-94F2-93C12CF1FB97}.DLL Release|x64.Build.0 = Release|Win32
		{F99F7B19-47A6-4677-94F2-93C12CF1FB97}.DLL VB|Win32.ActiveCfg = Debug|Win32
		{F99F7B19-47A6-4677-94F2-93C12CF1FB97}.DLL VB|Win32.Build.0 = Debug|Win32
		{F99F7B19-47A6-4677-94F2-93C12CF1FB97}.DLL VB|x64.ActiveCfg = Debug|Win32
		{F99F7B19-47A6-4677-94F2-93C12CF1FB97}.Dynamic|Win32.ActiveCfg = Debug|Win32
		{F99F7B19-47A6-4677-94F2-93C12CF1FB97}.Dynamic|Win32.Build.0 = Debug|Win32
		{F99F7B19-47A6-4677-94F2-93C12CF1FB97}.Dynamic|x64.ActiveCfg = Debug|Win32
		{F99F7B19-47A6-4677-94F2-93C12CF1FB97}.LIB Debug|Win32.ActiveCfg = Debug|Win32
		{F99F7B19-47A6-4677-94F2-93C12CF1FB97}.LIB Debug|Win32.Build.0 = Debug|Win32
		{F99F7B19-47A6-4677-94F2-93C12CF1FB97}.LIB Debug|x64.ActiveCfg = Debug|Win32
		{F99F7B19-47A6-4677-94F2-93C12CF1FB97}.LIB Release|Win32.ActiveCfg = Release|Win32
		{F99F7B19-47A6-4677-94F2-93C12CF1FB97}.LIB Release|Win32.Build.0 = Release|Win32
		{F99F7B19-47A6-4677-94F2-93C12CF1FB97}.LIB Release|x64.ActiveCfg = Release|Win32
		{F99F7B19-47A6-4677-94F2-93C12CF1FB97}.Release|Win32.ActiveCfg = Release|Win32
		{F99F7B19-47A6-4677-94F2-93C12CF1FB97}.Release|Win32.Build.0 = Release|Win32
		{F99F7B19-47A6-4677-94F2-93C12CF1FB97}.Release|x64.ActiveCfg = Release|Win32
		{F99F7B19-47A6-4677-94F2-93C12CF1FB97}.Streaming Debug|Win32.ActiveCfg = Streaming Debug|Win32
		{F99F7B19-47A6-4677-94F2-93C12CF1FB97}.Streaming Debug|Win32.Build.0 = Streaming Debug|Win32
		{F99F7B19-47A6-4677-94F2-93C12CF1FB97}.Streaming Debug|x64.ActiveCfg = Streaming Debug|Win32
		{F99F7B19-47A6-4677-94F2-93C12CF1FB97}.Streaming Release|Win32.ActiveCfg = Streaming Release|Win32
		{F99F7B19-47A6-4677-94F2-93C12CF1FB97}.Streaming Release|Win32.Build.0 = Streaming Release|Win32
		{F99F7B19-47A6-4677-94F2-93C12CF1FB97}.Streaming Release|x64.ActiveCfg = Streaming Release|Win32
		{825F34EA-480B-451B-894F-37F75C3F68BE}.Debug|Win32.ActiveCfg = Debug|Win32
		{825F34EA-480B-451B-894F-37F75C3F68BE}.Debug|Win32.Build.0 = Debug|Win32
		{825F34EA-480B-451B-894F-37F75C3F68BE}.Debug|x64.ActiveCfg = Debug|Win32
		{825F34EA-480B-451B-894F-37F75C3F68BE}.DLL Debug|Win32.ActiveCfg = Debug|Win32
		{825F34EA-480B-451B-894F-37F75C3F68BE}.DLL Debug|Win32.Build.0 = Debug|Win32
		{825F34EA-480B-451B-894F-37F75C3F68BE}.DLL Debug|x64.ActiveCfg = Debug|Win32
		{825F34EA-480B-451B-894F-37F75C3F68BE}.DLL Release|Win32.ActiveCfg = Release|Win32
		{825F34EA-480B-451B-894F-37F75C3F68BE}.DLL Release|Win32.Build.0 = Release|Win32
		{825F34EA-480B-451B-894F-37F75C3F68BE}.DLL Release|x64.ActiveCfg = Release|Win32
		{825F34EA-480B-451B-894F-37F75C3F68BE}.DLL Release|x64.Build.0 = Release|Win32
		{825F34EA-480B-451B-894F-37F75C3F68BE}.DLL VB|Win32.ActiveCfg = Debug|Win32
		{825F34EA-480B-451B-894F-37F75C3F68BE}.DLL VB|Win32.Build.0 = Debug|Win32
		{825F34EA-480B-451B-894F-37F75C3F68BE}.DLL VB|x64.ActiveCfg = Debug|Win32
		{825F34EA-480B-451B-894F-37F75C3F68BE}.Dynamic|Win32.ActiveCfg = Debug|Win32
		{825F34EA-480B-451B-894F-37F75C3F68BE}.Dynamic|Win32.Build.0 = Debug|Win32
		{825F34EA-480B-451B-894F-37F75C3F68BE}.Dynamic|x64.ActiveCfg = Debug|Win32
		{825F34EA-480B-451B-894F-37F75C3F68BE}.LIB Debug|Win32.ActiveCfg = Debug|Win32
		{825F34EA-480B-451B-894F-37F75C3F68BE}.LIB Debug|Win32.Build.0 = Debug|Win32
		{825F34EA-480B-451B-894F-37F75C3F68BE}.LIB Debug|x64.ActiveCfg = Debug|Win32
		{825F34EA-480B-451B-894F-37F75C3F68BE}.LIB Release|Win32.ActiveCfg = Release|Win32
		{825F34EA-480B-451B-894F-37F75C3F68BE}.LIB Release|Win32.Build.0 = Release|Win32
		{825F34EA-480B-451B-894F-37F75C3F68BE}.LIB Release|x64.ActiveCfg = Release|Win32
		{825F34EA-480B-451B-894F-37F75C3F68BE}.Release|Win32.ActiveCfg = Release|Win32
		{825F34EA-480B-451B-894F-37F75C3F68BE}.Release|Win32.Build.0 = Release|Win32
		{825F34EA-480B-451B-894F-37F75C3F68BE}.Release|x64.ActiveCfg = Release|Win32
		{825F34EA-480B-451B-894F-37F75C3F68BE}.Streaming Debug|Win32.ActiveCfg = Debug|Win32
		{825F34EA-480B-451B-894F-37F75C3F68BE}.Streaming Debug|Win32.Build.0 = Debug|Win32
		{825F34EA-480B-451B-894F-37F75C3F68BE}.Streaming Debug|x64.ActiveCfg = Debug|Win32
		{825F34EA-480B-451B-894F-37F75C3F68BE}.Streaming Release|Win32.ActiveCfg = Release|Win32
		{825F34EA-480B-451B-894F-37F75C3F68BE}.Streaming Release|Win32.Build.0 = Release|Win32
		{825F34EA-480B-451B-894F-37F75C3F68BE}.Streaming Release|x64.ActiveCfg = Release|Win32
		{B0A71BF8-F4ED-4393-8C28-9FD334AB125E}.Debug|Win32.ActiveCfg = Debug|Win32
		{B0A71BF8-F4ED-4393-8C28-9FD334AB125E}.Debug|Win32.Build.0 = Debug|Win32
		{B0A71BF8-F4ED-4393-8C28-9FD334AB125E}.Debug|x64.ActiveCfg = Debug|Win32
		{B0A71BF8-F4ED-4393-8C28-9FD334AB125E}.DLL Debug|Win32.ActiveCfg = Debug|Win32
		{B0A71BF8-F4ED-4393-8C28-9FD334AB125E}.DLL Debug|Win32.Build.0 = Debug|Win32
		{B0A71BF8-F4ED-4393-8C28-9FD334AB125E}.DLL Debug|x64.ActiveCfg = Debug|Win32
		{B0A71BF8-F4ED-4393-8C28-9FD334AB125E}.DLL Release|Win32.ActiveCfg = Release|Win32
		{B0A71BF8-F4ED-4393-8C28-9FD334AB125E}.DLL Release|Win32.Build.0 = Release|Win32
		{B0A71BF8-F4ED-4393-8C28-9FD334AB125E}.DLL Release|x64.ActiveCfg = Release|Win32
		{B0A71BF8-F4ED-4393-8C28-9FD334AB125E}.DLL Release|x64.Build.0 = Release|Win32
		{B0A71BF8-F4ED-4393-8C28-9FD334AB125E}.DLL VB|Win32.ActiveCfg = Debug|Win32
		{B0A71BF8-F4ED-4393-8C28-9FD334AB125E}.DLL VB|Win32.Build.0 = Debug|Win32
		{B0A71BF8-F4ED-4393-8C28-9FD334AB125E}.DLL VB|x64.ActiveCfg = Debug|Win32
		{B0A71BF8-F4ED-4393-8C28-9FD334AB125E}.Dynamic|Win32.ActiveCfg = Debug|Win32
		{B0A71BF8-F4ED-4393-8C28-9FD334AB125E}.Dynamic|Win32.Build.0 = Debug|Win32
		{B0A71BF8-F4ED-4393-8C28-9FD334AB125E}.Dynamic|x64.ActiveCfg = Debug|Win32
		{B0A71BF8-F4ED-4393-8C28-9FD334AB125E}.LIB Debug|Win32.ActiveCfg = Debug|Win32
		{B0A71BF8-F4ED-4393-8C28-9FD334AB125E}.LIB Debug|Win32.Build.0 = Debug|Win32
		{B0A71BF8-F4ED-4393-8C28-9FD334AB125E}.LIB Debug|x64.ActiveCfg = Debug|Win32
		{B0A71BF8-F4ED-4393-8C28-9FD334AB125E}.LIB Release|Win32.ActiveCfg = Release|Win32
		{B0A71BF8-F4ED-4393-8C28-9FD334AB125E}.LIB Release|Win32.Build.0 = Release|Win32
		{B0A71BF8-F4ED-4393-8C28-9FD334AB125E}.LIB Release|x64.ActiveCfg = Release|Win32
		{B0A71BF8-F4ED-4393-8C28-9FD334AB125E}.Release|Win32.ActiveCfg = Release|Win32
		{B0A71BF8-F4ED-4393-8C28-9FD334AB125E}.Release|Win32.Build.0 = Release|Win32
		{B0A71BF8-F4ED-4393-8C28-9FD334AB125E}.Release|x64.ActiveCfg = Release|Win32
		{B0A71BF8-F4ED-4393-8C28-9FD334AB125E}.Streaming Debug|Win32.ActiveCfg = Debug|Win32
		{B0A71BF8-F4ED-4393-8C28-9FD334AB125E}.Streaming Debug|Win32.Build.0 = Debug|Win32
		{B0A71BF8-F4ED-4393-8C28-9FD334AB125E}.Streaming Debug|x64.ActiveCfg = Debug|Win32
		{B0A71BF8-F4ED-4393-8C28-9FD334AB125E}.Streaming Release|Win32.ActiveCfg = Release|Win32
		{B0A71BF8-F4ED-4393-8C28-9FD334AB125E}.Streaming Release|Win32.Build.0 = Release|Win32
		{B0A71BF8-F4ED-4393-8C28-9FD334AB125E}.Streaming Release|x64.ActiveCfg = Release|Win32
		{86B35658-263C-44C9-9286-D094450F1A5C}.Debug|Win32.ActiveCfg = Debug|Win32
		{86B35658-263C-44C9-9286-D094450F1A5C}.Debug|Win32.Build.0 = Debug|Win32
		{86B35658-263C-44C9-9286-D094450F1A5C}.Debug|x64.ActiveCfg = Debug|Win32
		{86B35658-263C-44C9-9286-D094450F1A5C}.DLL Debug|Win32.ActiveCfg = Debug|Win32
		{86B35658-263C-44C9-9286-D094450F1A5C}.DLL Debug|Win32.Build.0 = Debug|Win32
		{86B35658-263C-44C9-9286-D094450F1A5C}.DLL Debug|x64.ActiveCfg = Debug|Win32
		{86B35658-263C-44C9-9286-D094450F1A5C}.DLL Release|Win32.ActiveCfg = Release|Win32
		{86B35658-263C-44C9-9286-D094450F1A5C}.DLL Release|Win32.Build.0 = Release|Win32
		{86B35658-263C-44C9-9286-D094450F1A5C}.DLL Release|x64.ActiveCfg = Release|Win32
		{86B35658-263C-44C9-9286-D094450F1A5C}.DLL Release|x64.Build.0 = Release|Win32
		{86B35658-263C-44C9-9286-D094450F1A5C}.DLL VB|Win32.ActiveCfg = Debug|Win32
		{86B35658-263C-44C9-9286-D094450F1A5C}.DLL VB|Win32.Build.0 = Debug|Win32
		{86B35658-263C-44C9-9286-D094450F1A5C}.DLL VB|x64.ActiveCfg = Debug|Win32
		{86B35658-263C-44C9-9286-D094450F1A5C}.Dynamic|Win32.ActiveCfg = Debug|Win32
		{86B35658-263C-44C9-9286-D094450F1A5C}.Dynamic|Win32.Build.0 = Debug|Win32
		{86B35658-263C-44C9-9286-D094450F1A5C}.Dynamic|x64.ActiveCfg = Debug|Win32
		{86B35658-263C-44C9-9286-D094450F1A5C}.LIB Debug|Win32.ActiveCfg = Debug|Win32
		{86B35658-263C-44C9-9286-D094450F1A5C}.LIB Debug|Win32.Build.0 = Debug|Win32
		{86B35658-263C-44C9-9286-D094450F1A5C}.LIB Debug|x64.ActiveCfg = Debug|Win32
		{86B35658-263C-44C9-9286-D094450F1A5C}.LIB Release|Win32.ActiveCfg = Release|Win32
		{86B35658-263C-44C9-9286-D094450F1A5C}.LIB Release|Win32.Build.0 = Release|Win32
		{86B35658-263C-44C9-9286-D094450F1A5C}.LIB Release|x64.ActiveCfg = Release|Win32
		{86B35658-263C-44C9-9286-D094450F1A5C}.Release|Win32.ActiveCfg = Release|Win32
		{86B35658-263C-44C9-9286-D094450F1A5C}.Release|Win32.Build.0 = Release|Win32
		{86B35658-263C-44C9-9286-D094450F1A5C}.Release|x64.ActiveCfg = Release|Win32
		{86B35658-263C-44C9-9286-D094450F1A5C}.Streaming Debug|Win32.ActiveCfg = Debug|Win32
		{86B35658-263C-44C9-9286-D094450F1A5C}.Streaming Debug|Win32.Build.0 = Debug|Win32
		{86B35658-263C-44C9-9286-D094450F1A5C}.Streaming Debug|x64.ActiveCfg = Debug|Win32
		{86B35658-263C-44C9-9286-D094450F1A5C}.Streaming Release|Win32.ActiveCfg = Release|Win32
		{86B35658-263C-44C9-9286-D094450F1A5C}.Streaming Release|Win32.Build.0 = Release|Win32
		{86B35658-263C-44C9-9286-D094450F1A5C}.Streaming Release|x64.ActiveCfg = Release|Win32
		{2C968966-5BFA-4BFC-869C-26BFBB4C4E2C}.Debug|Win32.ActiveCfg = Debug|Win32
		{2C968966-5BFA-4BFC-869C-26BFBB4C4E2C}.Debug|Win32.Build.0 = Debug|Win32
		{2C968966-5BFA-4BFC-869C-26BFBB4C4E2C}.Debug|x64.ActiveCfg = Debug|Win32
		{2C968966-5BFA-4BFC-869C-26BFBB4C4E2C}.DLL Debug|Win32.ActiveCfg = Debug|Win32
		{2C968966-5BFA-4BFC-869C-26BFBB4C4E2C}.DLL Debug|Win32.Build.0 = Debug|Win32
		{2C968966-5BFA-4BFC-869C-26BFBB4C4E2C}.DLL Debug|x64.ActiveCfg = Debug|Win32
		{2C968966-5BFA-4BFC-869C-26BFBB4C4E2C}.DLL Release|Win32.ActiveCfg = Release|Win32
		{2C968966-5BFA-4BFC-869C-26BFBB4C4E2C}.DLL Release|Win32.Build.0 = Release|Win32
		{2C968966-5BFA-4BFC-869C-26BFBB4C4E2C}.DLL Release|x64.ActiveCfg = Release|Win32
		{2C968966-5BFA-4BFC-869C-26BFBB4C4E2C}.DLL Release|x64.Build.0 = Release|Win32
		{2C968966-5BFA-4BFC-869C-26BFBB4C4E2C}.DLL VB|Win32.ActiveCfg = Debug|Win32
		{2C968966-5BFA-4BFC-869C-26BFBB4C4E2C}.DLL VB|Win32.Build.0 = Debug|Win32
		{2C968966-5BFA-4BFC-869C-26BFBB4C4E2C}.DLL VB|x64.ActiveCfg = Debug|Win32
		{2C968966-5BFA-4BFC-869C-26BFBB4C4E2C}.Dynamic|Win32.ActiveCfg = Debug|Win32
		{2C968966-5BFA-4BFC-869C-26BFBB4C4E2C}.Dynamic|Win32.Build.0 = Debug|Win32
		{2C968966-5BFA-4BFC-869C-26BFBB4C4E2C}.Dynamic|x64.ActiveCfg = Debug|Win32
		{2C968966-5BFA-4BFC-869C-26BFBB4C4E2C}.LIB Debug|Win32.ActiveCfg = Debug|Win32
		{2C968966-5BFA-4BFC-869C-26BFBB4C4E2C}.LIB Debug|Win32.Build.0 = Debug|Win32
		{2C968966-5BFA-4BFC-869C-26BFBB4C4E2C}.LIB Debug|x64.ActiveCfg = Debug|Win32
		{2C968966-5BFA-4BFC-869C-26BFBB4C4E2C}.LIB Release|Win32.ActiveCfg = Release|Win32
		{2C968966-5BFA-4BFC-869C-26BFBB4C4E2C}.LIB Release|Win32.Build.0 = Release|Win32
		{2C968966-5BFA-4BFC-869C-26BFBB4C4E2C}.LIB Release|x64.ActiveCfg = Release|Win32
		{2C968966-5BFA-4BFC-869C-26BFBB4C4E2C}.Release|Win32.ActiveCfg = Release|Win32
		{2C968966-5BFA-4BFC-869C-26BFBB4C4E2C}.Release|Win32.Build.0 = Release|Win32
		{2C968966-5BFA-4BFC-869C-26BFBB4C4E2C}.Release|x64.ActiveCfg = Release|Win32
		{2C968966-5BFA-4BFC-869C-26BFBB4C4E2C}.Streaming Debug|Win32.ActiveCfg = Debug|Win32
		{2C968966-5BFA-4BFC-869C-26BFBB4C4E2C}.Streaming Debug|Win32.Build.0 = Debug|Win32
		{2C968966-5BFA-4BFC-869C-26BFBB4C4E2C}.Streaming Debug|x64.ActiveCfg = Debug|Win32
		{2C968966-5BFA-4BFC-869C-26BFBB4C4E2C}.Streaming Release|Win32.ActiveCfg = Release|Win32
		{2C968966-5BFA-4BFC-869C-26BFBB4C4E2C}.Streaming Release|Win32.Build.0 = Release|Win32
		{2C968966-5BFA-4BFC-869C-26BFBB4C4E2C}.Streaming Release|x64.ActiveCfg = Release|Win32
	EndGlobalSection
	GlobalSection(SolutionProperties) = preSolution
		HideSolutionNode = FALSE
	EndGlobalSection
EndGlobal
